
Microsoft Visual Studio Solution File, Format Version 12.00
# Visual Studio 15
VisualStudioVersion = 15.0.27428.2002
MinimumVisualStudioVersion = 10.0.40219.1
Project("{8BC9CEB8-8B4A-11D0-8D11-00A0C91BC942}") = "LG_Q3", "LG_Q3\LG_Q3.vcxproj", "{1D64D48F-FD4C-4E5F-BDD8-AA7D0E5D536E}"
EndProject
Project("{8BC9CEB8-8B4A-11D0-8D11-00A0C91BC942}") = "LG_Q2", "LG_Q2\LG_Q2.vcxproj", "{6FA3AD1E-C6A0-4333-BBBD-A2EA2EBF8A3E}"
EndProject
Project("{8BC9CEB8-8B4A-11D0-8D11-00A0C91BC942}") = "LG_Q4", "LG_Q4\LG_Q4.vcxproj", "{A61154F4-298A-4504-9CF6-D15E262C2FFE}"
EndProject
Project("{8BC9CEB8-8B4A-11D0-8D11-00A0C91BC942}") = "back_1157", "back_1157\back_1157.vcxproj", "{AB2EEF38-68E2-4FFB-A27B-ED6406881703}"
EndProject
Project("{8BC9CEB8-8B4A-11D0-8D11-00A0C91BC942}") = "back_1316", "back_1316\back_1316.vcxproj", "{8C318CDF-970B-4F45-8E02-D2D1492AA7FC}"
EndProject
Project("{8BC9CEB8-8B4A-11D0-8D11-00A0C91BC942}") = "back_1152", "back_1152\back_1152.vcxproj", "{CAFF6F43-6478-4E95-8C88-83D7690AA6B2}"
EndProject
Project("{8BC9CEB8-8B4A-11D0-8D11-00A0C91BC942}") = "back_2908", "back_2908\back_2908.vcxproj", "{0AAEDDBE-9EF1-480F-B445-E999AA9B4AF7}"
EndProject
Project("{8BC9CEB8-8B4A-11D0-8D11-00A0C91BC942}") = "back_15955", "back_15955\back_15955.vcxproj", "{A5AC2C21-51C9-42D5-839D-55783E128246}"
EndProject
Project("{8BC9CEB8-8B4A-11D0-8D11-00A0C91BC942}") = "0_TestZone", "0_TestZone\0_TestZone.vcxproj", "{15E3A0EB-607C-4203-856C-6E761F070843}"
EndProject
Project("{8BC9CEB8-8B4A-11D0-8D11-00A0C91BC942}") = "Z_Summary_pair", "Z_Summary_pair\Z_Summary_pair.vcxproj", "{6ED1C618-F9FE-4520-A0F2-75BCC8411305}"
EndProject
Project("{8BC9CEB8-8B4A-11D0-8D11-00A0C91BC942}") = "Z_Summary_priority_queue", "Z_Summary_priority_queue\Z_Summary_priority_queue.vcxproj", "{61576EDB-B160-4378-B466-44D023D11919}"
EndProject
Project("{8BC9CEB8-8B4A-11D0-8D11-00A0C91BC942}") = "LINE_2", "LINE_2\LINE_2.vcxproj", "{79E1E9FD-9E45-431D-9518-28BFF5A7C52F}"
EndProject
Project("{8BC9CEB8-8B4A-11D0-8D11-00A0C91BC942}") = "LINE_1", "LINE_1\LINE_1.vcxproj", "{010A7C0F-EB2D-47BC-BB2C-02F26DF9942D}"
EndProject
Project("{8BC9CEB8-8B4A-11D0-8D11-00A0C91BC942}") = "NHN_2", "NHN_2\NHN_2.vcxproj", "{CCAF1729-0CFF-459F-83E9-B03F7D80E615}"
EndProject
Project("{8BC9CEB8-8B4A-11D0-8D11-00A0C91BC942}") = "NHN_3", "NHN_3\NHN_3.vcxproj", "{4424E31C-E8E8-4345-86F7-5451131CFA5D}"
EndProject
Project("{8BC9CEB8-8B4A-11D0-8D11-00A0C91BC942}") = "back_10828", "back_10828\back_10828.vcxproj", "{82EF1683-9E92-44E0-97D6-42BA118E4E32}"
EndProject
Project("{8BC9CEB8-8B4A-11D0-8D11-00A0C91BC942}") = "back_11501", "back_11501\back_11501.vcxproj", "{5889A1F4-5313-4FCC-92EE-24EC06101C4A}"
EndProject
Project("{8BC9CEB8-8B4A-11D0-8D11-00A0C91BC942}") = "back_1182", "back_1182\back_1182.vcxproj", "{62BFC63E-45C6-4ACF-A1D6-7E6F21FBA9D6}"
EndProject
Project("{8BC9CEB8-8B4A-11D0-8D11-00A0C91BC942}") = "back_1208", "back_1208\back_1208.vcxproj", "{40249A7E-8305-4485-BC8E-0DC58840A3E9}"
EndProject
Project("{8BC9CEB8-8B4A-11D0-8D11-00A0C91BC942}") = "back_1001", "back_1001\back_1001.vcxproj", "{FE06BDAA-8A4F-4DA0-A4C8-FA7150369A31}"
EndProject
Project("{8BC9CEB8-8B4A-11D0-8D11-00A0C91BC942}") = "back_1003", "back_1003\back_1003.vcxproj", "{D76ACB12-F01A-4714-9CED-59EBBD7A78A5}"
EndProject
Project("{8BC9CEB8-8B4A-11D0-8D11-00A0C91BC942}") = "back_9019", "back_9019\back_9019.vcxproj", "{9864B4FF-C678-4A91-950C-F75F7720D5D8}"
EndProject
Project("{8BC9CEB8-8B4A-11D0-8D11-00A0C91BC942}") = "back_1697", "back_1697\back_1697.vcxproj", "{C195BD88-FC1B-422F-BBBF-85304325E3BD}"
EndProject
Project("{8BC9CEB8-8B4A-11D0-8D11-00A0C91BC942}") = "back_1516", "back_1516\back_1516.vcxproj", "{FEC298A0-376E-409F-A703-42EB9C2AC25C}"
EndProject
Project("{8BC9CEB8-8B4A-11D0-8D11-00A0C91BC942}") = "back_1780", "back_1780\back_1780.vcxproj", "{8C9606E2-3699-49F0-9F72-7E717779D8C1}"
EndProject
Project("{8BC9CEB8-8B4A-11D0-8D11-00A0C91BC942}") = "back_2178", "back_2178\back_2178.vcxproj", "{8A317146-6699-4220-82BE-80C1F8A95484}"
EndProject
Project("{8BC9CEB8-8B4A-11D0-8D11-00A0C91BC942}") = "back_1038", "back_1038\back_1038.vcxproj", "{7F76A59C-49A7-4A9A-91C3-AEEF164CD0AB}"
EndProject
Project("{8BC9CEB8-8B4A-11D0-8D11-00A0C91BC942}") = "back_10451", "back_10451\back_10451.vcxproj", "{19573A95-FECD-4F97-804A-0117A4FC83DB}"
EndProject
Project("{8BC9CEB8-8B4A-11D0-8D11-00A0C91BC942}") = "back_2293", "back_2293\back_2293.vcxproj", "{7359BA96-C3CA-4C1A-928B-E81A980DBA5D}"
EndProject
Project("{8BC9CEB8-8B4A-11D0-8D11-00A0C91BC942}") = "back_1966", "back_1966\back_1966.vcxproj", "{98970183-6FF0-47DA-914B-8390DA66C03C}"
EndProject
Project("{8BC9CEB8-8B4A-11D0-8D11-00A0C91BC942}") = "back_11725", "back_11725\back_11725.vcxproj", "{239407F6-7492-4F90-9333-DD34809CEA38}"
EndProject
Project("{8BC9CEB8-8B4A-11D0-8D11-00A0C91BC942}") = "back_7576", "back_7576\back_7576.vcxproj", "{F67D3FFB-C689-49AF-AD57-16AF0627CF90}"
EndProject
Project("{8BC9CEB8-8B4A-11D0-8D11-00A0C91BC942}") = "back_11399", "back_11399\back_11399.vcxproj", "{CD2E3C86-4D7B-4658-8955-B9043E8BD613}"
EndProject
Project("{8BC9CEB8-8B4A-11D0-8D11-00A0C91BC942}") = "back_11047", "back_11047\back_11047.vcxproj", "{F5319D26-ABD8-4D79-AE39-2F5D5C72F278}"
EndProject
Project("{8BC9CEB8-8B4A-11D0-8D11-00A0C91BC942}") = "back_2167", "back_2167\back_2167.vcxproj", "{4A40B075-3C8A-4908-9797-91F7836B4CCB}"
EndProject
Project("{8BC9CEB8-8B4A-11D0-8D11-00A0C91BC942}") = "back_1010", "back_1010\back_1010.vcxproj", "{95ECBDA5-E85B-480B-9D2E-E02D5A39B4D2}"
EndProject
Project("{8BC9CEB8-8B4A-11D0-8D11-00A0C91BC942}") = "back_14501", "back_14501\back_14501.vcxproj", "{D8087D0C-FFE4-4F77-8586-10DA02CFF818}"
EndProject
Project("{8BC9CEB8-8B4A-11D0-8D11-00A0C91BC942}") = "back_16199", "back_16199\back_16199.vcxproj", "{B7D18680-5310-4B29-8877-30D8BD441953}"
EndProject
Project("{8BC9CEB8-8B4A-11D0-8D11-00A0C91BC942}") = "back_1463", "back_1463\back_1463.vcxproj", "{F8104B11-9313-4C67-9180-160A345B59BE}"
EndProject
Project("{8BC9CEB8-8B4A-11D0-8D11-00A0C91BC942}") = "back_9095", "back_9095\back_9095.vcxproj", "{5FF51929-19CF-4E31-BED7-579140BF599B}"
EndProject
Project("{8BC9CEB8-8B4A-11D0-8D11-00A0C91BC942}") = "back_2579", "back_2579\back_2579.vcxproj", "{3D1A0E37-FA96-4A38-98EB-E865FC52A25B}"
EndProject
Project("{8BC9CEB8-8B4A-11D0-8D11-00A0C91BC942}") = "back_1149", "back_1149\back_1149.vcxproj", "{C93F5D05-C551-4432-8AD4-AB10A7859B26}"
EndProject
Project("{8BC9CEB8-8B4A-11D0-8D11-00A0C91BC942}") = "Nexon", "Nexon\Nexon.vcxproj", "{F17CE1AD-C625-4CF1-A953-1212869E8535}"
EndProject
Project("{8BC9CEB8-8B4A-11D0-8D11-00A0C91BC942}") = "Nexon2", "Nexon2\Nexon2.vcxproj", "{21FA26AC-3063-4C74-A71B-96160EF3F35E}"
EndProject
Project("{8BC9CEB8-8B4A-11D0-8D11-00A0C91BC942}") = "back_11058", "back_11058\back_11058.vcxproj", "{BB087523-F066-4969-80F2-B4BE5F6C1E96}"
EndProject
Project("{8BC9CEB8-8B4A-11D0-8D11-00A0C91BC942}") = "back_2039", "back_2039\back_2039.vcxproj", "{A6467CA9-83A7-474B-9946-340BDDE51A47}"
EndProject
Global
	GlobalSection(SolutionConfigurationPlatforms) = preSolution
		Debug|x64 = Debug|x64
		Debug|x86 = Debug|x86
		Release|x64 = Release|x64
		Release|x86 = Release|x86
	EndGlobalSection
	GlobalSection(ProjectConfigurationPlatforms) = postSolution
		{1D64D48F-FD4C-4E5F-BDD8-AA7D0E5D536E}.Debug|x64.ActiveCfg = Debug|x64
		{1D64D48F-FD4C-4E5F-BDD8-AA7D0E5D536E}.Debug|x64.Build.0 = Debug|x64
		{1D64D48F-FD4C-4E5F-BDD8-AA7D0E5D536E}.Debug|x86.ActiveCfg = Debug|Win32
		{1D64D48F-FD4C-4E5F-BDD8-AA7D0E5D536E}.Debug|x86.Build.0 = Debug|Win32
		{1D64D48F-FD4C-4E5F-BDD8-AA7D0E5D536E}.Release|x64.ActiveCfg = Release|x64
		{1D64D48F-FD4C-4E5F-BDD8-AA7D0E5D536E}.Release|x64.Build.0 = Release|x64
		{1D64D48F-FD4C-4E5F-BDD8-AA7D0E5D536E}.Release|x86.ActiveCfg = Release|Win32
		{1D64D48F-FD4C-4E5F-BDD8-AA7D0E5D536E}.Release|x86.Build.0 = Release|Win32
		{6FA3AD1E-C6A0-4333-BBBD-A2EA2EBF8A3E}.Debug|x64.ActiveCfg = Debug|x64
		{6FA3AD1E-C6A0-4333-BBBD-A2EA2EBF8A3E}.Debug|x64.Build.0 = Debug|x64
		{6FA3AD1E-C6A0-4333-BBBD-A2EA2EBF8A3E}.Debug|x86.ActiveCfg = Debug|Win32
		{6FA3AD1E-C6A0-4333-BBBD-A2EA2EBF8A3E}.Debug|x86.Build.0 = Debug|Win32
		{6FA3AD1E-C6A0-4333-BBBD-A2EA2EBF8A3E}.Release|x64.ActiveCfg = Release|x64
		{6FA3AD1E-C6A0-4333-BBBD-A2EA2EBF8A3E}.Release|x64.Build.0 = Release|x64
		{6FA3AD1E-C6A0-4333-BBBD-A2EA2EBF8A3E}.Release|x86.ActiveCfg = Release|Win32
		{6FA3AD1E-C6A0-4333-BBBD-A2EA2EBF8A3E}.Release|x86.Build.0 = Release|Win32
		{A61154F4-298A-4504-9CF6-D15E262C2FFE}.Debug|x64.ActiveCfg = Debug|x64
		{A61154F4-298A-4504-9CF6-D15E262C2FFE}.Debug|x64.Build.0 = Debug|x64
		{A61154F4-298A-4504-9CF6-D15E262C2FFE}.Debug|x86.ActiveCfg = Debug|Win32
		{A61154F4-298A-4504-9CF6-D15E262C2FFE}.Debug|x86.Build.0 = Debug|Win32
		{A61154F4-298A-4504-9CF6-D15E262C2FFE}.Release|x64.ActiveCfg = Release|x64
		{A61154F4-298A-4504-9CF6-D15E262C2FFE}.Release|x64.Build.0 = Release|x64
		{A61154F4-298A-4504-9CF6-D15E262C2FFE}.Release|x86.ActiveCfg = Release|Win32
		{A61154F4-298A-4504-9CF6-D15E262C2FFE}.Release|x86.Build.0 = Release|Win32
		{AB2EEF38-68E2-4FFB-A27B-ED6406881703}.Debug|x64.ActiveCfg = Debug|x64
		{AB2EEF38-68E2-4FFB-A27B-ED6406881703}.Debug|x64.Build.0 = Debug|x64
		{AB2EEF38-68E2-4FFB-A27B-ED6406881703}.Debug|x86.ActiveCfg = Debug|Win32
		{AB2EEF38-68E2-4FFB-A27B-ED6406881703}.Debug|x86.Build.0 = Debug|Win32
		{AB2EEF38-68E2-4FFB-A27B-ED6406881703}.Release|x64.ActiveCfg = Release|x64
		{AB2EEF38-68E2-4FFB-A27B-ED6406881703}.Release|x64.Build.0 = Release|x64
		{AB2EEF38-68E2-4FFB-A27B-ED6406881703}.Release|x86.ActiveCfg = Release|Win32
		{AB2EEF38-68E2-4FFB-A27B-ED6406881703}.Release|x86.Build.0 = Release|Win32
		{8C318CDF-970B-4F45-8E02-D2D1492AA7FC}.Debug|x64.ActiveCfg = Debug|x64
		{8C318CDF-970B-4F45-8E02-D2D1492AA7FC}.Debug|x64.Build.0 = Debug|x64
		{8C318CDF-970B-4F45-8E02-D2D1492AA7FC}.Debug|x86.ActiveCfg = Debug|Win32
		{8C318CDF-970B-4F45-8E02-D2D1492AA7FC}.Debug|x86.Build.0 = Debug|Win32
		{8C318CDF-970B-4F45-8E02-D2D1492AA7FC}.Release|x64.ActiveCfg = Release|x64
		{8C318CDF-970B-4F45-8E02-D2D1492AA7FC}.Release|x64.Build.0 = Release|x64
		{8C318CDF-970B-4F45-8E02-D2D1492AA7FC}.Release|x86.ActiveCfg = Release|Win32
		{8C318CDF-970B-4F45-8E02-D2D1492AA7FC}.Release|x86.Build.0 = Release|Win32
		{CAFF6F43-6478-4E95-8C88-83D7690AA6B2}.Debug|x64.ActiveCfg = Debug|x64
		{CAFF6F43-6478-4E95-8C88-83D7690AA6B2}.Debug|x64.Build.0 = Debug|x64
		{CAFF6F43-6478-4E95-8C88-83D7690AA6B2}.Debug|x86.ActiveCfg = Debug|Win32
		{CAFF6F43-6478-4E95-8C88-83D7690AA6B2}.Debug|x86.Build.0 = Debug|Win32
		{CAFF6F43-6478-4E95-8C88-83D7690AA6B2}.Release|x64.ActiveCfg = Release|x64
		{CAFF6F43-6478-4E95-8C88-83D7690AA6B2}.Release|x64.Build.0 = Release|x64
		{CAFF6F43-6478-4E95-8C88-83D7690AA6B2}.Release|x86.ActiveCfg = Release|Win32
		{CAFF6F43-6478-4E95-8C88-83D7690AA6B2}.Release|x86.Build.0 = Release|Win32
		{0AAEDDBE-9EF1-480F-B445-E999AA9B4AF7}.Debug|x64.ActiveCfg = Debug|x64
		{0AAEDDBE-9EF1-480F-B445-E999AA9B4AF7}.Debug|x64.Build.0 = Debug|x64
		{0AAEDDBE-9EF1-480F-B445-E999AA9B4AF7}.Debug|x86.ActiveCfg = Debug|Win32
		{0AAEDDBE-9EF1-480F-B445-E999AA9B4AF7}.Debug|x86.Build.0 = Debug|Win32
		{0AAEDDBE-9EF1-480F-B445-E999AA9B4AF7}.Release|x64.ActiveCfg = Release|x64
		{0AAEDDBE-9EF1-480F-B445-E999AA9B4AF7}.Release|x64.Build.0 = Release|x64
		{0AAEDDBE-9EF1-480F-B445-E999AA9B4AF7}.Release|x86.ActiveCfg = Release|Win32
		{0AAEDDBE-9EF1-480F-B445-E999AA9B4AF7}.Release|x86.Build.0 = Release|Win32
		{A5AC2C21-51C9-42D5-839D-55783E128246}.Debug|x64.ActiveCfg = Debug|x64
		{A5AC2C21-51C9-42D5-839D-55783E128246}.Debug|x64.Build.0 = Debug|x64
		{A5AC2C21-51C9-42D5-839D-55783E128246}.Debug|x86.ActiveCfg = Debug|Win32
		{A5AC2C21-51C9-42D5-839D-55783E128246}.Debug|x86.Build.0 = Debug|Win32
		{A5AC2C21-51C9-42D5-839D-55783E128246}.Release|x64.ActiveCfg = Release|x64
		{A5AC2C21-51C9-42D5-839D-55783E128246}.Release|x64.Build.0 = Release|x64
		{A5AC2C21-51C9-42D5-839D-55783E128246}.Release|x86.ActiveCfg = Release|Win32
		{A5AC2C21-51C9-42D5-839D-55783E128246}.Release|x86.Build.0 = Release|Win32
		{15E3A0EB-607C-4203-856C-6E761F070843}.Debug|x64.ActiveCfg = Debug|x64
		{15E3A0EB-607C-4203-856C-6E761F070843}.Debug|x64.Build.0 = Debug|x64
		{15E3A0EB-607C-4203-856C-6E761F070843}.Debug|x86.ActiveCfg = Debug|Win32
		{15E3A0EB-607C-4203-856C-6E761F070843}.Debug|x86.Build.0 = Debug|Win32
		{15E3A0EB-607C-4203-856C-6E761F070843}.Release|x64.ActiveCfg = Release|x64
		{15E3A0EB-607C-4203-856C-6E761F070843}.Release|x64.Build.0 = Release|x64
		{15E3A0EB-607C-4203-856C-6E761F070843}.Release|x86.ActiveCfg = Release|Win32
		{15E3A0EB-607C-4203-856C-6E761F070843}.Release|x86.Build.0 = Release|Win32
		{6ED1C618-F9FE-4520-A0F2-75BCC8411305}.Debug|x64.ActiveCfg = Debug|x64
		{6ED1C618-F9FE-4520-A0F2-75BCC8411305}.Debug|x64.Build.0 = Debug|x64
		{6ED1C618-F9FE-4520-A0F2-75BCC8411305}.Debug|x86.ActiveCfg = Debug|Win32
		{6ED1C618-F9FE-4520-A0F2-75BCC8411305}.Debug|x86.Build.0 = Debug|Win32
		{6ED1C618-F9FE-4520-A0F2-75BCC8411305}.Release|x64.ActiveCfg = Release|x64
		{6ED1C618-F9FE-4520-A0F2-75BCC8411305}.Release|x64.Build.0 = Release|x64
		{6ED1C618-F9FE-4520-A0F2-75BCC8411305}.Release|x86.ActiveCfg = Release|Win32
		{6ED1C618-F9FE-4520-A0F2-75BCC8411305}.Release|x86.Build.0 = Release|Win32
		{61576EDB-B160-4378-B466-44D023D11919}.Debug|x64.ActiveCfg = Debug|x64
		{61576EDB-B160-4378-B466-44D023D11919}.Debug|x64.Build.0 = Debug|x64
		{61576EDB-B160-4378-B466-44D023D11919}.Debug|x86.ActiveCfg = Debug|Win32
		{61576EDB-B160-4378-B466-44D023D11919}.Debug|x86.Build.0 = Debug|Win32
		{61576EDB-B160-4378-B466-44D023D11919}.Release|x64.ActiveCfg = Release|x64
		{61576EDB-B160-4378-B466-44D023D11919}.Release|x64.Build.0 = Release|x64
		{61576EDB-B160-4378-B466-44D023D11919}.Release|x86.ActiveCfg = Release|Win32
		{61576EDB-B160-4378-B466-44D023D11919}.Release|x86.Build.0 = Release|Win32
		{79E1E9FD-9E45-431D-9518-28BFF5A7C52F}.Debug|x64.ActiveCfg = Debug|x64
		{79E1E9FD-9E45-431D-9518-28BFF5A7C52F}.Debug|x64.Build.0 = Debug|x64
		{79E1E9FD-9E45-431D-9518-28BFF5A7C52F}.Debug|x86.ActiveCfg = Debug|Win32
		{79E1E9FD-9E45-431D-9518-28BFF5A7C52F}.Debug|x86.Build.0 = Debug|Win32
		{79E1E9FD-9E45-431D-9518-28BFF5A7C52F}.Release|x64.ActiveCfg = Release|x64
		{79E1E9FD-9E45-431D-9518-28BFF5A7C52F}.Release|x64.Build.0 = Release|x64
		{79E1E9FD-9E45-431D-9518-28BFF5A7C52F}.Release|x86.ActiveCfg = Release|Win32
		{79E1E9FD-9E45-431D-9518-28BFF5A7C52F}.Release|x86.Build.0 = Release|Win32
		{010A7C0F-EB2D-47BC-BB2C-02F26DF9942D}.Debug|x64.ActiveCfg = Debug|x64
		{010A7C0F-EB2D-47BC-BB2C-02F26DF9942D}.Debug|x64.Build.0 = Debug|x64
		{010A7C0F-EB2D-47BC-BB2C-02F26DF9942D}.Debug|x86.ActiveCfg = Debug|Win32
		{010A7C0F-EB2D-47BC-BB2C-02F26DF9942D}.Debug|x86.Build.0 = Debug|Win32
		{010A7C0F-EB2D-47BC-BB2C-02F26DF9942D}.Release|x64.ActiveCfg = Release|x64
		{010A7C0F-EB2D-47BC-BB2C-02F26DF9942D}.Release|x64.Build.0 = Release|x64
		{010A7C0F-EB2D-47BC-BB2C-02F26DF9942D}.Release|x86.ActiveCfg = Release|Win32
		{010A7C0F-EB2D-47BC-BB2C-02F26DF9942D}.Release|x86.Build.0 = Release|Win32
		{CCAF1729-0CFF-459F-83E9-B03F7D80E615}.Debug|x64.ActiveCfg = Debug|x64
		{CCAF1729-0CFF-459F-83E9-B03F7D80E615}.Debug|x64.Build.0 = Debug|x64
		{CCAF1729-0CFF-459F-83E9-B03F7D80E615}.Debug|x86.ActiveCfg = Debug|Win32
		{CCAF1729-0CFF-459F-83E9-B03F7D80E615}.Debug|x86.Build.0 = Debug|Win32
		{CCAF1729-0CFF-459F-83E9-B03F7D80E615}.Release|x64.ActiveCfg = Release|x64
		{CCAF1729-0CFF-459F-83E9-B03F7D80E615}.Release|x64.Build.0 = Release|x64
		{CCAF1729-0CFF-459F-83E9-B03F7D80E615}.Release|x86.ActiveCfg = Release|Win32
		{CCAF1729-0CFF-459F-83E9-B03F7D80E615}.Release|x86.Build.0 = Release|Win32
		{4424E31C-E8E8-4345-86F7-5451131CFA5D}.Debug|x64.ActiveCfg = Debug|x64
		{4424E31C-E8E8-4345-86F7-5451131CFA5D}.Debug|x64.Build.0 = Debug|x64
		{4424E31C-E8E8-4345-86F7-5451131CFA5D}.Debug|x86.ActiveCfg = Debug|Win32
		{4424E31C-E8E8-4345-86F7-5451131CFA5D}.Debug|x86.Build.0 = Debug|Win32
		{4424E31C-E8E8-4345-86F7-5451131CFA5D}.Release|x64.ActiveCfg = Release|x64
		{4424E31C-E8E8-4345-86F7-5451131CFA5D}.Release|x64.Build.0 = Release|x64
		{4424E31C-E8E8-4345-86F7-5451131CFA5D}.Release|x86.ActiveCfg = Release|Win32
		{4424E31C-E8E8-4345-86F7-5451131CFA5D}.Release|x86.Build.0 = Release|Win32
		{82EF1683-9E92-44E0-97D6-42BA118E4E32}.Debug|x64.ActiveCfg = Debug|x64
		{82EF1683-9E92-44E0-97D6-42BA118E4E32}.Debug|x64.Build.0 = Debug|x64
		{82EF1683-9E92-44E0-97D6-42BA118E4E32}.Debug|x86.ActiveCfg = Debug|Win32
		{82EF1683-9E92-44E0-97D6-42BA118E4E32}.Debug|x86.Build.0 = Debug|Win32
		{82EF1683-9E92-44E0-97D6-42BA118E4E32}.Release|x64.ActiveCfg = Release|x64
		{82EF1683-9E92-44E0-97D6-42BA118E4E32}.Release|x64.Build.0 = Release|x64
		{82EF1683-9E92-44E0-97D6-42BA118E4E32}.Release|x86.ActiveCfg = Release|Win32
		{82EF1683-9E92-44E0-97D6-42BA118E4E32}.Release|x86.Build.0 = Release|Win32
		{5889A1F4-5313-4FCC-92EE-24EC06101C4A}.Debug|x64.ActiveCfg = Debug|x64
		{5889A1F4-5313-4FCC-92EE-24EC06101C4A}.Debug|x64.Build.0 = Debug|x64
		{5889A1F4-5313-4FCC-92EE-24EC06101C4A}.Debug|x86.ActiveCfg = Debug|Win32
		{5889A1F4-5313-4FCC-92EE-24EC06101C4A}.Debug|x86.Build.0 = Debug|Win32
		{5889A1F4-5313-4FCC-92EE-24EC06101C4A}.Release|x64.ActiveCfg = Release|x64
		{5889A1F4-5313-4FCC-92EE-24EC06101C4A}.Release|x64.Build.0 = Release|x64
		{5889A1F4-5313-4FCC-92EE-24EC06101C4A}.Release|x86.ActiveCfg = Release|Win32
		{5889A1F4-5313-4FCC-92EE-24EC06101C4A}.Release|x86.Build.0 = Release|Win32
		{62BFC63E-45C6-4ACF-A1D6-7E6F21FBA9D6}.Debug|x64.ActiveCfg = Debug|x64
		{62BFC63E-45C6-4ACF-A1D6-7E6F21FBA9D6}.Debug|x64.Build.0 = Debug|x64
		{62BFC63E-45C6-4ACF-A1D6-7E6F21FBA9D6}.Debug|x86.ActiveCfg = Debug|Win32
		{62BFC63E-45C6-4ACF-A1D6-7E6F21FBA9D6}.Debug|x86.Build.0 = Debug|Win32
		{62BFC63E-45C6-4ACF-A1D6-7E6F21FBA9D6}.Release|x64.ActiveCfg = Release|x64
		{62BFC63E-45C6-4ACF-A1D6-7E6F21FBA9D6}.Release|x64.Build.0 = Release|x64
		{62BFC63E-45C6-4ACF-A1D6-7E6F21FBA9D6}.Release|x86.ActiveCfg = Release|Win32
		{62BFC63E-45C6-4ACF-A1D6-7E6F21FBA9D6}.Release|x86.Build.0 = Release|Win32
		{40249A7E-8305-4485-BC8E-0DC58840A3E9}.Debug|x64.ActiveCfg = Debug|x64
		{40249A7E-8305-4485-BC8E-0DC58840A3E9}.Debug|x64.Build.0 = Debug|x64
		{40249A7E-8305-4485-BC8E-0DC58840A3E9}.Debug|x86.ActiveCfg = Debug|Win32
		{40249A7E-8305-4485-BC8E-0DC58840A3E9}.Debug|x86.Build.0 = Debug|Win32
		{40249A7E-8305-4485-BC8E-0DC58840A3E9}.Release|x64.ActiveCfg = Release|x64
		{40249A7E-8305-4485-BC8E-0DC58840A3E9}.Release|x64.Build.0 = Release|x64
		{40249A7E-8305-4485-BC8E-0DC58840A3E9}.Release|x86.ActiveCfg = Release|Win32
		{40249A7E-8305-4485-BC8E-0DC58840A3E9}.Release|x86.Build.0 = Release|Win32
		{FE06BDAA-8A4F-4DA0-A4C8-FA7150369A31}.Debug|x64.ActiveCfg = Debug|x64
		{FE06BDAA-8A4F-4DA0-A4C8-FA7150369A31}.Debug|x64.Build.0 = Debug|x64
		{FE06BDAA-8A4F-4DA0-A4C8-FA7150369A31}.Debug|x86.ActiveCfg = Debug|Win32
		{FE06BDAA-8A4F-4DA0-A4C8-FA7150369A31}.Debug|x86.Build.0 = Debug|Win32
		{FE06BDAA-8A4F-4DA0-A4C8-FA7150369A31}.Release|x64.ActiveCfg = Release|x64
		{FE06BDAA-8A4F-4DA0-A4C8-FA7150369A31}.Release|x64.Build.0 = Release|x64
		{FE06BDAA-8A4F-4DA0-A4C8-FA7150369A31}.Release|x86.ActiveCfg = Release|Win32
		{FE06BDAA-8A4F-4DA0-A4C8-FA7150369A31}.Release|x86.Build.0 = Release|Win32
		{D76ACB12-F01A-4714-9CED-59EBBD7A78A5}.Debug|x64.ActiveCfg = Debug|x64
		{D76ACB12-F01A-4714-9CED-59EBBD7A78A5}.Debug|x64.Build.0 = Debug|x64
		{D76ACB12-F01A-4714-9CED-59EBBD7A78A5}.Debug|x86.ActiveCfg = Debug|Win32
		{D76ACB12-F01A-4714-9CED-59EBBD7A78A5}.Debug|x86.Build.0 = Debug|Win32
		{D76ACB12-F01A-4714-9CED-59EBBD7A78A5}.Release|x64.ActiveCfg = Release|x64
		{D76ACB12-F01A-4714-9CED-59EBBD7A78A5}.Release|x64.Build.0 = Release|x64
		{D76ACB12-F01A-4714-9CED-59EBBD7A78A5}.Release|x86.ActiveCfg = Release|Win32
		{D76ACB12-F01A-4714-9CED-59EBBD7A78A5}.Release|x86.Build.0 = Release|Win32
		{9864B4FF-C678-4A91-950C-F75F7720D5D8}.Debug|x64.ActiveCfg = Debug|x64
		{9864B4FF-C678-4A91-950C-F75F7720D5D8}.Debug|x64.Build.0 = Debug|x64
		{9864B4FF-C678-4A91-950C-F75F7720D5D8}.Debug|x86.ActiveCfg = Debug|Win32
		{9864B4FF-C678-4A91-950C-F75F7720D5D8}.Debug|x86.Build.0 = Debug|Win32
		{9864B4FF-C678-4A91-950C-F75F7720D5D8}.Release|x64.ActiveCfg = Release|x64
		{9864B4FF-C678-4A91-950C-F75F7720D5D8}.Release|x64.Build.0 = Release|x64
		{9864B4FF-C678-4A91-950C-F75F7720D5D8}.Release|x86.ActiveCfg = Release|Win32
		{9864B4FF-C678-4A91-950C-F75F7720D5D8}.Release|x86.Build.0 = Release|Win32
		{C195BD88-FC1B-422F-BBBF-85304325E3BD}.Debug|x64.ActiveCfg = Debug|x64
		{C195BD88-FC1B-422F-BBBF-85304325E3BD}.Debug|x64.Build.0 = Debug|x64
		{C195BD88-FC1B-422F-BBBF-85304325E3BD}.Debug|x86.ActiveCfg = Debug|Win32
		{C195BD88-FC1B-422F-BBBF-85304325E3BD}.Debug|x86.Build.0 = Debug|Win32
		{C195BD88-FC1B-422F-BBBF-85304325E3BD}.Release|x64.ActiveCfg = Release|x64
		{C195BD88-FC1B-422F-BBBF-85304325E3BD}.Release|x64.Build.0 = Release|x64
		{C195BD88-FC1B-422F-BBBF-85304325E3BD}.Release|x86.ActiveCfg = Release|Win32
		{C195BD88-FC1B-422F-BBBF-85304325E3BD}.Release|x86.Build.0 = Release|Win32
		{FEC298A0-376E-409F-A703-42EB9C2AC25C}.Debug|x64.ActiveCfg = Debug|x64
		{FEC298A0-376E-409F-A703-42EB9C2AC25C}.Debug|x64.Build.0 = Debug|x64
		{FEC298A0-376E-409F-A703-42EB9C2AC25C}.Debug|x86.ActiveCfg = Debug|Win32
		{FEC298A0-376E-409F-A703-42EB9C2AC25C}.Debug|x86.Build.0 = Debug|Win32
		{FEC298A0-376E-409F-A703-42EB9C2AC25C}.Release|x64.ActiveCfg = Release|x64
		{FEC298A0-376E-409F-A703-42EB9C2AC25C}.Release|x64.Build.0 = Release|x64
		{FEC298A0-376E-409F-A703-42EB9C2AC25C}.Release|x86.ActiveCfg = Release|Win32
		{FEC298A0-376E-409F-A703-42EB9C2AC25C}.Release|x86.Build.0 = Release|Win32
		{8C9606E2-3699-49F0-9F72-7E717779D8C1}.Debug|x64.ActiveCfg = Debug|x64
		{8C9606E2-3699-49F0-9F72-7E717779D8C1}.Debug|x64.Build.0 = Debug|x64
		{8C9606E2-3699-49F0-9F72-7E717779D8C1}.Debug|x86.ActiveCfg = Debug|Win32
		{8C9606E2-3699-49F0-9F72-7E717779D8C1}.Debug|x86.Build.0 = Debug|Win32
		{8C9606E2-3699-49F0-9F72-7E717779D8C1}.Release|x64.ActiveCfg = Release|x64
		{8C9606E2-3699-49F0-9F72-7E717779D8C1}.Release|x64.Build.0 = Release|x64
		{8C9606E2-3699-49F0-9F72-7E717779D8C1}.Release|x86.ActiveCfg = Release|Win32
		{8C9606E2-3699-49F0-9F72-7E717779D8C1}.Release|x86.Build.0 = Release|Win32
		{8A317146-6699-4220-82BE-80C1F8A95484}.Debug|x64.ActiveCfg = Debug|x64
		{8A317146-6699-4220-82BE-80C1F8A95484}.Debug|x64.Build.0 = Debug|x64
		{8A317146-6699-4220-82BE-80C1F8A95484}.Debug|x86.ActiveCfg = Debug|Win32
		{8A317146-6699-4220-82BE-80C1F8A95484}.Debug|x86.Build.0 = Debug|Win32
		{8A317146-6699-4220-82BE-80C1F8A95484}.Release|x64.ActiveCfg = Release|x64
		{8A317146-6699-4220-82BE-80C1F8A95484}.Release|x64.Build.0 = Release|x64
		{8A317146-6699-4220-82BE-80C1F8A95484}.Release|x86.ActiveCfg = Release|Win32
		{8A317146-6699-4220-82BE-80C1F8A95484}.Release|x86.Build.0 = Release|Win32
		{7F76A59C-49A7-4A9A-91C3-AEEF164CD0AB}.Debug|x64.ActiveCfg = Debug|x64
		{7F76A59C-49A7-4A9A-91C3-AEEF164CD0AB}.Debug|x64.Build.0 = Debug|x64
		{7F76A59C-49A7-4A9A-91C3-AEEF164CD0AB}.Debug|x86.ActiveCfg = Debug|Win32
		{7F76A59C-49A7-4A9A-91C3-AEEF164CD0AB}.Debug|x86.Build.0 = Debug|Win32
		{7F76A59C-49A7-4A9A-91C3-AEEF164CD0AB}.Release|x64.ActiveCfg = Release|x64
		{7F76A59C-49A7-4A9A-91C3-AEEF164CD0AB}.Release|x64.Build.0 = Release|x64
		{7F76A59C-49A7-4A9A-91C3-AEEF164CD0AB}.Release|x86.ActiveCfg = Release|Win32
		{7F76A59C-49A7-4A9A-91C3-AEEF164CD0AB}.Release|x86.Build.0 = Release|Win32
		{19573A95-FECD-4F97-804A-0117A4FC83DB}.Debug|x64.ActiveCfg = Debug|x64
		{19573A95-FECD-4F97-804A-0117A4FC83DB}.Debug|x64.Build.0 = Debug|x64
		{19573A95-FECD-4F97-804A-0117A4FC83DB}.Debug|x86.ActiveCfg = Debug|Win32
		{19573A95-FECD-4F97-804A-0117A4FC83DB}.Debug|x86.Build.0 = Debug|Win32
		{19573A95-FECD-4F97-804A-0117A4FC83DB}.Release|x64.ActiveCfg = Release|x64
		{19573A95-FECD-4F97-804A-0117A4FC83DB}.Release|x64.Build.0 = Release|x64
		{19573A95-FECD-4F97-804A-0117A4FC83DB}.Release|x86.ActiveCfg = Release|Win32
		{19573A95-FECD-4F97-804A-0117A4FC83DB}.Release|x86.Build.0 = Release|Win32
		{7359BA96-C3CA-4C1A-928B-E81A980DBA5D}.Debug|x64.ActiveCfg = Debug|x64
		{7359BA96-C3CA-4C1A-928B-E81A980DBA5D}.Debug|x64.Build.0 = Debug|x64
		{7359BA96-C3CA-4C1A-928B-E81A980DBA5D}.Debug|x86.ActiveCfg = Debug|Win32
		{7359BA96-C3CA-4C1A-928B-E81A980DBA5D}.Debug|x86.Build.0 = Debug|Win32
		{7359BA96-C3CA-4C1A-928B-E81A980DBA5D}.Release|x64.ActiveCfg = Release|x64
		{7359BA96-C3CA-4C1A-928B-E81A980DBA5D}.Release|x64.Build.0 = Release|x64
		{7359BA96-C3CA-4C1A-928B-E81A980DBA5D}.Release|x86.ActiveCfg = Release|Win32
		{7359BA96-C3CA-4C1A-928B-E81A980DBA5D}.Release|x86.Build.0 = Release|Win32
		{98970183-6FF0-47DA-914B-8390DA66C03C}.Debug|x64.ActiveCfg = Debug|x64
		{98970183-6FF0-47DA-914B-8390DA66C03C}.Debug|x64.Build.0 = Debug|x64
		{98970183-6FF0-47DA-914B-8390DA66C03C}.Debug|x86.ActiveCfg = Debug|Win32
		{98970183-6FF0-47DA-914B-8390DA66C03C}.Debug|x86.Build.0 = Debug|Win32
		{98970183-6FF0-47DA-914B-8390DA66C03C}.Release|x64.ActiveCfg = Release|x64
		{98970183-6FF0-47DA-914B-8390DA66C03C}.Release|x64.Build.0 = Release|x64
		{98970183-6FF0-47DA-914B-8390DA66C03C}.Release|x86.ActiveCfg = Release|Win32
		{98970183-6FF0-47DA-914B-8390DA66C03C}.Release|x86.Build.0 = Release|Win32
		{239407F6-7492-4F90-9333-DD34809CEA38}.Debug|x64.ActiveCfg = Debug|x64
		{239407F6-7492-4F90-9333-DD34809CEA38}.Debug|x64.Build.0 = Debug|x64
		{239407F6-7492-4F90-9333-DD34809CEA38}.Debug|x86.ActiveCfg = Debug|Win32
		{239407F6-7492-4F90-9333-DD34809CEA38}.Debug|x86.Build.0 = Debug|Win32
		{239407F6-7492-4F90-9333-DD34809CEA38}.Release|x64.ActiveCfg = Release|x64
		{239407F6-7492-4F90-9333-DD34809CEA38}.Release|x64.Build.0 = Release|x64
		{239407F6-7492-4F90-9333-DD34809CEA38}.Release|x86.ActiveCfg = Release|Win32
		{239407F6-7492-4F90-9333-DD34809CEA38}.Release|x86.Build.0 = Release|Win32
		{F67D3FFB-C689-49AF-AD57-16AF0627CF90}.Debug|x64.ActiveCfg = Debug|x64
		{F67D3FFB-C689-49AF-AD57-16AF0627CF90}.Debug|x64.Build.0 = Debug|x64
		{F67D3FFB-C689-49AF-AD57-16AF0627CF90}.Debug|x86.ActiveCfg = Debug|Win32
		{F67D3FFB-C689-49AF-AD57-16AF0627CF90}.Debug|x86.Build.0 = Debug|Win32
		{F67D3FFB-C689-49AF-AD57-16AF0627CF90}.Release|x64.ActiveCfg = Release|x64
		{F67D3FFB-C689-49AF-AD57-16AF0627CF90}.Release|x64.Build.0 = Release|x64
		{F67D3FFB-C689-49AF-AD57-16AF0627CF90}.Release|x86.ActiveCfg = Release|Win32
		{F67D3FFB-C689-49AF-AD57-16AF0627CF90}.Release|x86.Build.0 = Release|Win32
		{CD2E3C86-4D7B-4658-8955-B9043E8BD613}.Debug|x64.ActiveCfg = Debug|x64
		{CD2E3C86-4D7B-4658-8955-B9043E8BD613}.Debug|x64.Build.0 = Debug|x64
		{CD2E3C86-4D7B-4658-8955-B9043E8BD613}.Debug|x86.ActiveCfg = Debug|Win32
		{CD2E3C86-4D7B-4658-8955-B9043E8BD613}.Debug|x86.Build.0 = Debug|Win32
		{CD2E3C86-4D7B-4658-8955-B9043E8BD613}.Release|x64.ActiveCfg = Release|x64
		{CD2E3C86-4D7B-4658-8955-B9043E8BD613}.Release|x64.Build.0 = Release|x64
		{CD2E3C86-4D7B-4658-8955-B9043E8BD613}.Release|x86.ActiveCfg = Release|Win32
		{CD2E3C86-4D7B-4658-8955-B9043E8BD613}.Release|x86.Build.0 = Release|Win32
		{F5319D26-ABD8-4D79-AE39-2F5D5C72F278}.Debug|x64.ActiveCfg = Debug|x64
		{F5319D26-ABD8-4D79-AE39-2F5D5C72F278}.Debug|x64.Build.0 = Debug|x64
		{F5319D26-ABD8-4D79-AE39-2F5D5C72F278}.Debug|x86.ActiveCfg = Debug|Win32
		{F5319D26-ABD8-4D79-AE39-2F5D5C72F278}.Debug|x86.Build.0 = Debug|Win32
		{F5319D26-ABD8-4D79-AE39-2F5D5C72F278}.Release|x64.ActiveCfg = Release|x64
		{F5319D26-ABD8-4D79-AE39-2F5D5C72F278}.Release|x64.Build.0 = Release|x64
		{F5319D26-ABD8-4D79-AE39-2F5D5C72F278}.Release|x86.ActiveCfg = Release|Win32
		{F5319D26-ABD8-4D79-AE39-2F5D5C72F278}.Release|x86.Build.0 = Release|Win32
		{4A40B075-3C8A-4908-9797-91F7836B4CCB}.Debug|x64.ActiveCfg = Debug|x64
		{4A40B075-3C8A-4908-9797-91F7836B4CCB}.Debug|x64.Build.0 = Debug|x64
		{4A40B075-3C8A-4908-9797-91F7836B4CCB}.Debug|x86.ActiveCfg = Debug|Win32
		{4A40B075-3C8A-4908-9797-91F7836B4CCB}.Debug|x86.Build.0 = Debug|Win32
		{4A40B075-3C8A-4908-9797-91F7836B4CCB}.Release|x64.ActiveCfg = Release|x64
		{4A40B075-3C8A-4908-9797-91F7836B4CCB}.Release|x64.Build.0 = Release|x64
		{4A40B075-3C8A-4908-9797-91F7836B4CCB}.Release|x86.ActiveCfg = Release|Win32
		{4A40B075-3C8A-4908-9797-91F7836B4CCB}.Release|x86.Build.0 = Release|Win32
		{95ECBDA5-E85B-480B-9D2E-E02D5A39B4D2}.Debug|x64.ActiveCfg = Debug|x64
		{95ECBDA5-E85B-480B-9D2E-E02D5A39B4D2}.Debug|x64.Build.0 = Debug|x64
		{95ECBDA5-E85B-480B-9D2E-E02D5A39B4D2}.Debug|x86.ActiveCfg = Debug|Win32
		{95ECBDA5-E85B-480B-9D2E-E02D5A39B4D2}.Debug|x86.Build.0 = Debug|Win32
		{95ECBDA5-E85B-480B-9D2E-E02D5A39B4D2}.Release|x64.ActiveCfg = Release|x64
		{95ECBDA5-E85B-480B-9D2E-E02D5A39B4D2}.Release|x64.Build.0 = Release|x64
		{95ECBDA5-E85B-480B-9D2E-E02D5A39B4D2}.Release|x86.ActiveCfg = Release|Win32
		{95ECBDA5-E85B-480B-9D2E-E02D5A39B4D2}.Release|x86.Build.0 = Release|Win32
		{D8087D0C-FFE4-4F77-8586-10DA02CFF818}.Debug|x64.ActiveCfg = Debug|x64
		{D8087D0C-FFE4-4F77-8586-10DA02CFF818}.Debug|x64.Build.0 = Debug|x64
		{D8087D0C-FFE4-4F77-8586-10DA02CFF818}.Debug|x86.ActiveCfg = Debug|Win32
		{D8087D0C-FFE4-4F77-8586-10DA02CFF818}.Debug|x86.Build.0 = Debug|Win32
		{D8087D0C-FFE4-4F77-8586-10DA02CFF818}.Release|x64.ActiveCfg = Release|x64
		{D8087D0C-FFE4-4F77-8586-10DA02CFF818}.Release|x64.Build.0 = Release|x64
		{D8087D0C-FFE4-4F77-8586-10DA02CFF818}.Release|x86.ActiveCfg = Release|Win32
		{D8087D0C-FFE4-4F77-8586-10DA02CFF818}.Release|x86.Build.0 = Release|Win32
		{B7D18680-5310-4B29-8877-30D8BD441953}.Debug|x64.ActiveCfg = Debug|x64
		{B7D18680-5310-4B29-8877-30D8BD441953}.Debug|x64.Build.0 = Debug|x64
		{B7D18680-5310-4B29-8877-30D8BD441953}.Debug|x86.ActiveCfg = Debug|Win32
		{B7D18680-5310-4B29-8877-30D8BD441953}.Debug|x86.Build.0 = Debug|Win32
		{B7D18680-5310-4B29-8877-30D8BD441953}.Release|x64.ActiveCfg = Release|x64
		{B7D18680-5310-4B29-8877-30D8BD441953}.Release|x64.Build.0 = Release|x64
		{B7D18680-5310-4B29-8877-30D8BD441953}.Release|x86.ActiveCfg = Release|Win32
		{B7D18680-5310-4B29-8877-30D8BD441953}.Release|x86.Build.0 = Release|Win32
		{F8104B11-9313-4C67-9180-160A345B59BE}.Debug|x64.ActiveCfg = Debug|x64
		{F8104B11-9313-4C67-9180-160A345B59BE}.Debug|x64.Build.0 = Debug|x64
		{F8104B11-9313-4C67-9180-160A345B59BE}.Debug|x86.ActiveCfg = Debug|Win32
		{F8104B11-9313-4C67-9180-160A345B59BE}.Debug|x86.Build.0 = Debug|Win32
		{F8104B11-9313-4C67-9180-160A345B59BE}.Release|x64.ActiveCfg = Release|x64
		{F8104B11-9313-4C67-9180-160A345B59BE}.Release|x64.Build.0 = Release|x64
		{F8104B11-9313-4C67-9180-160A345B59BE}.Release|x86.ActiveCfg = Release|Win32
		{F8104B11-9313-4C67-9180-160A345B59BE}.Release|x86.Build.0 = Release|Win32
		{5FF51929-19CF-4E31-BED7-579140BF599B}.Debug|x64.ActiveCfg = Debug|x64
		{5FF51929-19CF-4E31-BED7-579140BF599B}.Debug|x64.Build.0 = Debug|x64
		{5FF51929-19CF-4E31-BED7-579140BF599B}.Debug|x86.ActiveCfg = Debug|Win32
		{5FF51929-19CF-4E31-BED7-579140BF599B}.Debug|x86.Build.0 = Debug|Win32
		{5FF51929-19CF-4E31-BED7-579140BF599B}.Release|x64.ActiveCfg = Release|x64
		{5FF51929-19CF-4E31-BED7-579140BF599B}.Release|x64.Build.0 = Release|x64
		{5FF51929-19CF-4E31-BED7-579140BF599B}.Release|x86.ActiveCfg = Release|Win32
		{5FF51929-19CF-4E31-BED7-579140BF599B}.Release|x86.Build.0 = Release|Win32
		{3D1A0E37-FA96-4A38-98EB-E865FC52A25B}.Debug|x64.ActiveCfg = Debug|x64
		{3D1A0E37-FA96-4A38-98EB-E865FC52A25B}.Debug|x64.Build.0 = Debug|x64
		{3D1A0E37-FA96-4A38-98EB-E865FC52A25B}.Debug|x86.ActiveCfg = Debug|Win32
		{3D1A0E37-FA96-4A38-98EB-E865FC52A25B}.Debug|x86.Build.0 = Debug|Win32
		{3D1A0E37-FA96-4A38-98EB-E865FC52A25B}.Release|x64.ActiveCfg = Release|x64
		{3D1A0E37-FA96-4A38-98EB-E865FC52A25B}.Release|x64.Build.0 = Release|x64
		{3D1A0E37-FA96-4A38-98EB-E865FC52A25B}.Release|x86.ActiveCfg = Release|Win32
		{3D1A0E37-FA96-4A38-98EB-E865FC52A25B}.Release|x86.Build.0 = Release|Win32
		{C93F5D05-C551-4432-8AD4-AB10A7859B26}.Debug|x64.ActiveCfg = Debug|x64
		{C93F5D05-C551-4432-8AD4-AB10A7859B26}.Debug|x64.Build.0 = Debug|x64
		{C93F5D05-C551-4432-8AD4-AB10A7859B26}.Debug|x86.ActiveCfg = Debug|Win32
		{C93F5D05-C551-4432-8AD4-AB10A7859B26}.Debug|x86.Build.0 = Debug|Win32
		{C93F5D05-C551-4432-8AD4-AB10A7859B26}.Release|x64.ActiveCfg = Release|x64
		{C93F5D05-C551-4432-8AD4-AB10A7859B26}.Release|x64.Build.0 = Release|x64
		{C93F5D05-C551-4432-8AD4-AB10A7859B26}.Release|x86.ActiveCfg = Release|Win32
		{C93F5D05-C551-4432-8AD4-AB10A7859B26}.Release|x86.Build.0 = Release|Win32
		{F17CE1AD-C625-4CF1-A953-1212869E8535}.Debug|x64.ActiveCfg = Debug|x64
		{F17CE1AD-C625-4CF1-A953-1212869E8535}.Debug|x64.Build.0 = Debug|x64
		{F17CE1AD-C625-4CF1-A953-1212869E8535}.Debug|x86.ActiveCfg = Debug|Win32
		{F17CE1AD-C625-4CF1-A953-1212869E8535}.Debug|x86.Build.0 = Debug|Win32
		{F17CE1AD-C625-4CF1-A953-1212869E8535}.Release|x64.ActiveCfg = Release|x64
		{F17CE1AD-C625-4CF1-A953-1212869E8535}.Release|x64.Build.0 = Release|x64
		{F17CE1AD-C625-4CF1-A953-1212869E8535}.Release|x86.ActiveCfg = Release|Win32
		{F17CE1AD-C625-4CF1-A953-1212869E8535}.Release|x86.Build.0 = Release|Win32
		{21FA26AC-3063-4C74-A71B-96160EF3F35E}.Debug|x64.ActiveCfg = Debug|x64
		{21FA26AC-3063-4C74-A71B-96160EF3F35E}.Debug|x64.Build.0 = Debug|x64
		{21FA26AC-3063-4C74-A71B-96160EF3F35E}.Debug|x86.ActiveCfg = Debug|Win32
		{21FA26AC-3063-4C74-A71B-96160EF3F35E}.Debug|x86.Build.0 = Debug|Win32
		{21FA26AC-3063-4C74-A71B-96160EF3F35E}.Release|x64.ActiveCfg = Release|x64
		{21FA26AC-3063-4C74-A71B-96160EF3F35E}.Release|x64.Build.0 = Release|x64
		{21FA26AC-3063-4C74-A71B-96160EF3F35E}.Release|x86.ActiveCfg = Release|Win32
		{21FA26AC-3063-4C74-A71B-96160EF3F35E}.Release|x86.Build.0 = Release|Win32
		{BB087523-F066-4969-80F2-B4BE5F6C1E96}.Debug|x64.ActiveCfg = Debug|x64
		{BB087523-F066-4969-80F2-B4BE5F6C1E96}.Debug|x64.Build.0 = Debug|x64
		{BB087523-F066-4969-80F2-B4BE5F6C1E96}.Debug|x86.ActiveCfg = Debug|Win32
		{BB087523-F066-4969-80F2-B4BE5F6C1E96}.Debug|x86.Build.0 = Debug|Win32
		{BB087523-F066-4969-80F2-B4BE5F6C1E96}.Release|x64.ActiveCfg = Release|x64
		{BB087523-F066-4969-80F2-B4BE5F6C1E96}.Release|x64.Build.0 = Release|x64
		{BB087523-F066-4969-80F2-B4BE5F6C1E96}.Release|x86.ActiveCfg = Release|Win32
		{BB087523-F066-4969-80F2-B4BE5F6C1E96}.Release|x86.Build.0 = Release|Win32
		{A6467CA9-83A7-474B-9946-340BDDE51A47}.Debug|x64.ActiveCfg = Debug|x64
		{A6467CA9-83A7-474B-9946-340BDDE51A47}.Debug|x64.Build.0 = Debug|x64
		{A6467CA9-83A7-474B-9946-340BDDE51A47}.Debug|x86.ActiveCfg = Debug|Win32
		{A6467CA9-83A7-474B-9946-340BDDE51A47}.Debug|x86.Build.0 = Debug|Win32
		{A6467CA9-83A7-474B-9946-340BDDE51A47}.Release|x64.ActiveCfg = Release|x64
		{A6467CA9-83A7-474B-9946-340BDDE51A47}.Release|x64.Build.0 = Release|x64
		{A6467CA9-83A7-474B-9946-340BDDE51A47}.Release|x86.ActiveCfg = Release|Win32
		{A6467CA9-83A7-474B-9946-340BDDE51A47}.Release|x86.Build.0 = Release|Win32
	EndGlobalSection
	GlobalSection(SolutionProperties) = preSolution
		HideSolutionNode = FALSE
	EndGlobalSection
	GlobalSection(ExtensibilityGlobals) = postSolution
		SolutionGuid = {E15666E6-272F-4189-B2D8-95AAF2729217}
	EndGlobalSection
EndGlobal
