
Microsoft Visual Studio Solution File, Format Version 12.00
# Visual Studio 15
VisualStudioVersion = 15.0.27428.2002
MinimumVisualStudioVersion = 10.0.40219.1
Project("{8BC9CEB8-8B4A-11D0-8D11-00A0C91BC942}") = "back_1157", "back_1157\back_1157.vcxproj", "{AB2EEF38-68E2-4FFB-A27B-ED6406881703}"
EndProject
Project("{8BC9CEB8-8B4A-11D0-8D11-00A0C91BC942}") = "back_1316", "back_1316\back_1316.vcxproj", "{8C318CDF-970B-4F45-8E02-D2D1492AA7FC}"
EndProject
Project("{8BC9CEB8-8B4A-11D0-8D11-00A0C91BC942}") = "back_1152", "back_1152\back_1152.vcxproj", "{CAFF6F43-6478-4E95-8C88-83D7690AA6B2}"
EndProject
Project("{8BC9CEB8-8B4A-11D0-8D11-00A0C91BC942}") = "back_2908", "back_2908\back_2908.vcxproj", "{0AAEDDBE-9EF1-480F-B445-E999AA9B4AF7}"
EndProject
Project("{8BC9CEB8-8B4A-11D0-8D11-00A0C91BC942}") = "back_15955", "back_15955\back_15955.vcxproj", "{A5AC2C21-51C9-42D5-839D-55783E128246}"
EndProject
Project("{8BC9CEB8-8B4A-11D0-8D11-00A0C91BC942}") = "0_TestZone", "0_TestZone\0_TestZone.vcxproj", "{15E3A0EB-607C-4203-856C-6E761F070843}"
EndProject
Project("{8BC9CEB8-8B4A-11D0-8D11-00A0C91BC942}") = "Z_Summary_pair", "Z_Summary_pair\Z_Summary_pair.vcxproj", "{6ED1C618-F9FE-4520-A0F2-75BCC8411305}"
EndProject
Project("{8BC9CEB8-8B4A-11D0-8D11-00A0C91BC942}") = "Z_Summary_priority_queue", "Z_Summary_priority_queue\Z_Summary_priority_queue.vcxproj", "{61576EDB-B160-4378-B466-44D023D11919}"
EndProject
Project("{8BC9CEB8-8B4A-11D0-8D11-00A0C91BC942}") = "back_10828", "back_10828\back_10828.vcxproj", "{82EF1683-9E92-44E0-97D6-42BA118E4E32}"
EndProject
Project("{8BC9CEB8-8B4A-11D0-8D11-00A0C91BC942}") = "back_11501", "back_11501\back_11501.vcxproj", "{5889A1F4-5313-4FCC-92EE-24EC06101C4A}"
EndProject
Project("{8BC9CEB8-8B4A-11D0-8D11-00A0C91BC942}") = "back_1182", "back_1182\back_1182.vcxproj", "{62BFC63E-45C6-4ACF-A1D6-7E6F21FBA9D6}"
EndProject
Project("{8BC9CEB8-8B4A-11D0-8D11-00A0C91BC942}") = "back_1208", "back_1208\back_1208.vcxproj", "{40249A7E-8305-4485-BC8E-0DC58840A3E9}"
EndProject
Project("{8BC9CEB8-8B4A-11D0-8D11-00A0C91BC942}") = "back_1001", "back_1001\back_1001.vcxproj", "{FE06BDAA-8A4F-4DA0-A4C8-FA7150369A31}"
EndProject
Project("{8BC9CEB8-8B4A-11D0-8D11-00A0C91BC942}") = "back_1003", "back_1003\back_1003.vcxproj", "{D76ACB12-F01A-4714-9CED-59EBBD7A78A5}"
EndProject
Project("{8BC9CEB8-8B4A-11D0-8D11-00A0C91BC942}") = "back_9019", "back_9019\back_9019.vcxproj", "{9864B4FF-C678-4A91-950C-F75F7720D5D8}"
EndProject
Project("{8BC9CEB8-8B4A-11D0-8D11-00A0C91BC942}") = "back_1697", "back_1697\back_1697.vcxproj", "{C195BD88-FC1B-422F-BBBF-85304325E3BD}"
EndProject
Project("{8BC9CEB8-8B4A-11D0-8D11-00A0C91BC942}") = "back_1516", "back_1516\back_1516.vcxproj", "{FEC298A0-376E-409F-A703-42EB9C2AC25C}"
EndProject
Project("{8BC9CEB8-8B4A-11D0-8D11-00A0C91BC942}") = "back_1780", "back_1780\back_1780.vcxproj", "{8C9606E2-3699-49F0-9F72-7E717779D8C1}"
EndProject
Project("{8BC9CEB8-8B4A-11D0-8D11-00A0C91BC942}") = "back_2178", "back_2178\back_2178.vcxproj", "{8A317146-6699-4220-82BE-80C1F8A95484}"
EndProject
Project("{8BC9CEB8-8B4A-11D0-8D11-00A0C91BC942}") = "back_1038", "back_1038\back_1038.vcxproj", "{7F76A59C-49A7-4A9A-91C3-AEEF164CD0AB}"
EndProject
Project("{8BC9CEB8-8B4A-11D0-8D11-00A0C91BC942}") = "back_10451", "back_10451\back_10451.vcxproj", "{19573A95-FECD-4F97-804A-0117A4FC83DB}"
EndProject
Project("{8BC9CEB8-8B4A-11D0-8D11-00A0C91BC942}") = "back_2293", "back_2293\back_2293.vcxproj", "{7359BA96-C3CA-4C1A-928B-E81A980DBA5D}"
EndProject
Project("{8BC9CEB8-8B4A-11D0-8D11-00A0C91BC942}") = "back_1966", "back_1966\back_1966.vcxproj", "{98970183-6FF0-47DA-914B-8390DA66C03C}"
EndProject
Project("{8BC9CEB8-8B4A-11D0-8D11-00A0C91BC942}") = "back_11725", "back_11725\back_11725.vcxproj", "{239407F6-7492-4F90-9333-DD34809CEA38}"
EndProject
Project("{8BC9CEB8-8B4A-11D0-8D11-00A0C91BC942}") = "back_7576", "back_7576\back_7576.vcxproj", "{F67D3FFB-C689-49AF-AD57-16AF0627CF90}"
EndProject
Project("{8BC9CEB8-8B4A-11D0-8D11-00A0C91BC942}") = "back_11399", "back_11399\back_11399.vcxproj", "{CD2E3C86-4D7B-4658-8955-B9043E8BD613}"
EndProject
Project("{8BC9CEB8-8B4A-11D0-8D11-00A0C91BC942}") = "back_11047", "back_11047\back_11047.vcxproj", "{F5319D26-ABD8-4D79-AE39-2F5D5C72F278}"
EndProject
Project("{8BC9CEB8-8B4A-11D0-8D11-00A0C91BC942}") = "back_2167", "back_2167\back_2167.vcxproj", "{4A40B075-3C8A-4908-9797-91F7836B4CCB}"
EndProject
Project("{8BC9CEB8-8B4A-11D0-8D11-00A0C91BC942}") = "back_1010", "back_1010\back_1010.vcxproj", "{95ECBDA5-E85B-480B-9D2E-E02D5A39B4D2}"
EndProject
Project("{8BC9CEB8-8B4A-11D0-8D11-00A0C91BC942}") = "back_14501", "back_14501\back_14501.vcxproj", "{D8087D0C-FFE4-4F77-8586-10DA02CFF818}"
EndProject
Project("{8BC9CEB8-8B4A-11D0-8D11-00A0C91BC942}") = "back_16199", "back_16199\back_16199.vcxproj", "{B7D18680-5310-4B29-8877-30D8BD441953}"
EndProject
Project("{8BC9CEB8-8B4A-11D0-8D11-00A0C91BC942}") = "back_1463", "back_1463\back_1463.vcxproj", "{F8104B11-9313-4C67-9180-160A345B59BE}"
EndProject
Project("{8BC9CEB8-8B4A-11D0-8D11-00A0C91BC942}") = "back_9095", "back_9095\back_9095.vcxproj", "{5FF51929-19CF-4E31-BED7-579140BF599B}"
EndProject
Project("{8BC9CEB8-8B4A-11D0-8D11-00A0C91BC942}") = "back_2579", "back_2579\back_2579.vcxproj", "{3D1A0E37-FA96-4A38-98EB-E865FC52A25B}"
EndProject
Project("{8BC9CEB8-8B4A-11D0-8D11-00A0C91BC942}") = "back_1149", "back_1149\back_1149.vcxproj", "{C93F5D05-C551-4432-8AD4-AB10A7859B26}"
EndProject
Project("{8BC9CEB8-8B4A-11D0-8D11-00A0C91BC942}") = "back_11058", "back_11058\back_11058.vcxproj", "{BB087523-F066-4969-80F2-B4BE5F6C1E96}"
EndProject
Project("{8BC9CEB8-8B4A-11D0-8D11-00A0C91BC942}") = "back_2039", "back_2039\back_2039.vcxproj", "{A6467CA9-83A7-474B-9946-340BDDE51A47}"
EndProject
Project("{2150E333-8FDC-42A3-9474-1A3956D46DE8}") = "Solve", "Solve", "{05680194-1B4E-440F-8B29-A57183595AC8}"
EndProject
Project("{2150E333-8FDC-42A3-9474-1A3956D46DE8}") = "Doing", "Doing", "{6A33E4EE-55E2-4079-B231-098FE0E22E14}"
EndProject
Project("{8BC9CEB8-8B4A-11D0-8D11-00A0C91BC942}") = "back_9498", "back_9498\back_9498.vcxproj", "{EE42BF09-C6D3-4E78-AFAB-9C61E97549DB}"
EndProject
Project("{8BC9CEB8-8B4A-11D0-8D11-00A0C91BC942}") = "back_1924", "back_1924\back_1924.vcxproj", "{6F73A568-0208-41AA-A465-1DF847B3A8F4}"
EndProject
Project("{8BC9CEB8-8B4A-11D0-8D11-00A0C91BC942}") = "back_10871", "back_10871\back_10871.vcxproj", "{94D56344-4306-454F-A7A7-51C14D2BC2D0}"
EndProject
Project("{8BC9CEB8-8B4A-11D0-8D11-00A0C91BC942}") = "back_2839", "back_2839\back_2839.vcxproj", "{0FAEE5B7-1129-435F-9998-4E351482298F}"
EndProject
Project("{8BC9CEB8-8B4A-11D0-8D11-00A0C91BC942}") = "back_2577", "back_2577\back_2577.vcxproj", "{6E2F454C-368F-465E-BDBB-CF120BEBCEB3}"
EndProject
Project("{8BC9CEB8-8B4A-11D0-8D11-00A0C91BC942}") = "back_4948", "back_4948\back_4948.vcxproj", "{CC3174BE-5292-4888-A3F0-66703F37A378}"
EndProject
Project("{8BC9CEB8-8B4A-11D0-8D11-00A0C91BC942}") = "back_10798", "back_10798\back_10798.vcxproj", "{8764AEA8-9BCE-476F-8570-C340E4D87389}"
EndProject
Project("{8BC9CEB8-8B4A-11D0-8D11-00A0C91BC942}") = "back_2960", "back_2960\back_2960.vcxproj", "{9002ACAD-B515-435F-A78A-21CF814E5F59}"
EndProject
Project("{8BC9CEB8-8B4A-11D0-8D11-00A0C91BC942}") = "back_1764", "back_1764\back_1764.vcxproj", "{1AAF6A91-BBC1-42D7-98B7-119CDEA8E766}"
EndProject
Project("{2150E333-8FDC-42A3-9474-1A3956D46DE8}") = "Star", "Star", "{BA8F1CB4-A34D-4AA0-8AAC-1B507A24E6A7}"
EndProject
Project("{8BC9CEB8-8B4A-11D0-8D11-00A0C91BC942}") = "LRUCache", "LRUCache\LRUCache.vcxproj", "{650ABA70-AAA0-4D05-91DF-17AFABAC5D9A}"
EndProject
Project("{8BC9CEB8-8B4A-11D0-8D11-00A0C91BC942}") = "Regex", "Regex\Regex.vcxproj", "{0F5ADF65-1BAD-49E3-9DAA-B896AF1CB952}"
EndProject
Project("{8BC9CEB8-8B4A-11D0-8D11-00A0C91BC942}") = "IPVaild", "IPVaild\IPVaild.vcxproj", "{A48FD4E3-00E2-49B9-9D8C-197CA9ECC9DA}"
EndProject
Project("{8BC9CEB8-8B4A-11D0-8D11-00A0C91BC942}") = "Node", "Node\Node.vcxproj", "{7615592A-A746-452E-885D-E3D9A7B18656}"
EndProject
Project("{8BC9CEB8-8B4A-11D0-8D11-00A0C91BC942}") = "back_4673", "back_4673\back_4673.vcxproj", "{8ED3B21F-B548-47F5-BC71-FAA479A3B8D8}"
EndProject
Project("{8BC9CEB8-8B4A-11D0-8D11-00A0C91BC942}") = "back_1065", "back_1065\back_1065.vcxproj", "{6F9D9DA7-F0F9-4EBC-83A2-7515A96C9BF2}"
EndProject
Project("{8BC9CEB8-8B4A-11D0-8D11-00A0C91BC942}") = "back_1011", "back_2448\back_2448.vcxproj", "{F2981599-3352-499E-B725-F2D4E03E83E9}"
EndProject
Project("{8BC9CEB8-8B4A-11D0-8D11-00A0C91BC942}") = "Tetris", "Tetris\Tetris.vcxproj", "{67BDB8F8-D195-43CA-98D0-D6F1ED2513AF}"
EndProject
Project("{8BC9CEB8-8B4A-11D0-8D11-00A0C91BC942}") = "back_1021", "back_1021\back_1021.vcxproj", "{3A2FBCD3-32CB-4975-939C-608258486938}"
EndProject
Project("{8BC9CEB8-8B4A-11D0-8D11-00A0C91BC942}") = "back_11559", "back_11559\back_11559.vcxproj", "{0CEF2B3E-6A69-4619-822C-92F51E4E2166}"
EndProject
Project("{8BC9CEB8-8B4A-11D0-8D11-00A0C91BC942}") = "back_8958", "back_8958\back_8958.vcxproj", "{37056BAB-C4A2-45AA-9012-7AF42B89ABB4}"
EndProject
Project("{8BC9CEB8-8B4A-11D0-8D11-00A0C91BC942}") = "back_2920", "back_2920\back_2920.vcxproj", "{698D52C9-7E57-4B21-96E4-6DFD8DA09251}"
EndProject
Project("{8BC9CEB8-8B4A-11D0-8D11-00A0C91BC942}") = "back_10809", "back_10809\back_10809.vcxproj", "{3AD338E1-DA03-40BE-850D-D5592AF677E6}"
EndProject
Project("{8BC9CEB8-8B4A-11D0-8D11-00A0C91BC942}") = "back_2675", "back_2675\back_2675.vcxproj", "{E4721059-530A-4548-ADBA-C1443C38F7C8}"
EndProject
Project("{8BC9CEB8-8B4A-11D0-8D11-00A0C91BC942}") = "back_5622", "back_5622\back_5622.vcxproj", "{8D78E351-0A39-481E-93A7-BD190F09BA17}"
EndProject
Project("{8BC9CEB8-8B4A-11D0-8D11-00A0C91BC942}") = "back_2941", "back_2941\back_2941.vcxproj", "{256E492D-FFD7-4CB2-8A42-4DDEE7E39B46}"
EndProject
Project("{8BC9CEB8-8B4A-11D0-8D11-00A0C91BC942}") = "back_2292", "back_2292\back_2292.vcxproj", "{B841E9B2-8140-422F-A442-036B894F4C15}"
EndProject
Project("{8BC9CEB8-8B4A-11D0-8D11-00A0C91BC942}") = "back_1193", "back_1193\back_1193.vcxproj", "{9D7A538B-0752-407D-B195-FF49468D5136}"
EndProject
Project("{8BC9CEB8-8B4A-11D0-8D11-00A0C91BC942}") = "back_10250", "back_10250\back_10250.vcxproj", "{ADDB8C67-528D-4974-A487-FD4C96FFF520}"
EndProject
Project("{8BC9CEB8-8B4A-11D0-8D11-00A0C91BC942}") = "back_2775", "back_2775\back_2775.vcxproj", "{917DBDBB-6523-4267-8DAF-CC90E666DFC3}"
EndProject
Project("{8BC9CEB8-8B4A-11D0-8D11-00A0C91BC942}") = "back_1475", "back_1475\back_1475.vcxproj", "{41FD178D-FB7E-48DC-B199-A2B746605850}"
EndProject
Project("{8BC9CEB8-8B4A-11D0-8D11-00A0C91BC942}") = "back_6064", "back_6064\back_6064.vcxproj", "{98E592A6-AF75-47B4-99DD-59D3772F1633}"
EndProject
Global
	GlobalSection(SolutionConfigurationPlatforms) = preSolution
		Debug|x64 = Debug|x64
		Debug|x86 = Debug|x86
		Release|x64 = Release|x64
		Release|x86 = Release|x86
	EndGlobalSection
	GlobalSection(ProjectConfigurationPlatforms) = postSolution
		{AB2EEF38-68E2-4FFB-A27B-ED6406881703}.Debug|x64.ActiveCfg = Debug|x64
		{AB2EEF38-68E2-4FFB-A27B-ED6406881703}.Debug|x64.Build.0 = Debug|x64
		{AB2EEF38-68E2-4FFB-A27B-ED6406881703}.Debug|x86.ActiveCfg = Debug|Win32
		{AB2EEF38-68E2-4FFB-A27B-ED6406881703}.Debug|x86.Build.0 = Debug|Win32
		{AB2EEF38-68E2-4FFB-A27B-ED6406881703}.Release|x64.ActiveCfg = Release|x64
		{AB2EEF38-68E2-4FFB-A27B-ED6406881703}.Release|x64.Build.0 = Release|x64
		{AB2EEF38-68E2-4FFB-A27B-ED6406881703}.Release|x86.ActiveCfg = Release|Win32
		{AB2EEF38-68E2-4FFB-A27B-ED6406881703}.Release|x86.Build.0 = Release|Win32
		{8C318CDF-970B-4F45-8E02-D2D1492AA7FC}.Debug|x64.ActiveCfg = Debug|x64
		{8C318CDF-970B-4F45-8E02-D2D1492AA7FC}.Debug|x64.Build.0 = Debug|x64
		{8C318CDF-970B-4F45-8E02-D2D1492AA7FC}.Debug|x86.ActiveCfg = Debug|Win32
		{8C318CDF-970B-4F45-8E02-D2D1492AA7FC}.Debug|x86.Build.0 = Debug|Win32
		{8C318CDF-970B-4F45-8E02-D2D1492AA7FC}.Release|x64.ActiveCfg = Release|x64
		{8C318CDF-970B-4F45-8E02-D2D1492AA7FC}.Release|x64.Build.0 = Release|x64
		{8C318CDF-970B-4F45-8E02-D2D1492AA7FC}.Release|x86.ActiveCfg = Release|Win32
		{8C318CDF-970B-4F45-8E02-D2D1492AA7FC}.Release|x86.Build.0 = Release|Win32
		{CAFF6F43-6478-4E95-8C88-83D7690AA6B2}.Debug|x64.ActiveCfg = Debug|x64
		{CAFF6F43-6478-4E95-8C88-83D7690AA6B2}.Debug|x64.Build.0 = Debug|x64
		{CAFF6F43-6478-4E95-8C88-83D7690AA6B2}.Debug|x86.ActiveCfg = Debug|Win32
		{CAFF6F43-6478-4E95-8C88-83D7690AA6B2}.Debug|x86.Build.0 = Debug|Win32
		{CAFF6F43-6478-4E95-8C88-83D7690AA6B2}.Release|x64.ActiveCfg = Release|x64
		{CAFF6F43-6478-4E95-8C88-83D7690AA6B2}.Release|x64.Build.0 = Release|x64
		{CAFF6F43-6478-4E95-8C88-83D7690AA6B2}.Release|x86.ActiveCfg = Release|Win32
		{CAFF6F43-6478-4E95-8C88-83D7690AA6B2}.Release|x86.Build.0 = Release|Win32
		{0AAEDDBE-9EF1-480F-B445-E999AA9B4AF7}.Debug|x64.ActiveCfg = Debug|x64
		{0AAEDDBE-9EF1-480F-B445-E999AA9B4AF7}.Debug|x64.Build.0 = Debug|x64
		{0AAEDDBE-9EF1-480F-B445-E999AA9B4AF7}.Debug|x86.ActiveCfg = Debug|Win32
		{0AAEDDBE-9EF1-480F-B445-E999AA9B4AF7}.Debug|x86.Build.0 = Debug|Win32
		{0AAEDDBE-9EF1-480F-B445-E999AA9B4AF7}.Release|x64.ActiveCfg = Release|x64
		{0AAEDDBE-9EF1-480F-B445-E999AA9B4AF7}.Release|x64.Build.0 = Release|x64
		{0AAEDDBE-9EF1-480F-B445-E999AA9B4AF7}.Release|x86.ActiveCfg = Release|Win32
		{0AAEDDBE-9EF1-480F-B445-E999AA9B4AF7}.Release|x86.Build.0 = Release|Win32
		{A5AC2C21-51C9-42D5-839D-55783E128246}.Debug|x64.ActiveCfg = Debug|x64
		{A5AC2C21-51C9-42D5-839D-55783E128246}.Debug|x64.Build.0 = Debug|x64
		{A5AC2C21-51C9-42D5-839D-55783E128246}.Debug|x86.ActiveCfg = Debug|Win32
		{A5AC2C21-51C9-42D5-839D-55783E128246}.Debug|x86.Build.0 = Debug|Win32
		{A5AC2C21-51C9-42D5-839D-55783E128246}.Release|x64.ActiveCfg = Release|x64
		{A5AC2C21-51C9-42D5-839D-55783E128246}.Release|x64.Build.0 = Release|x64
		{A5AC2C21-51C9-42D5-839D-55783E128246}.Release|x86.ActiveCfg = Release|Win32
		{A5AC2C21-51C9-42D5-839D-55783E128246}.Release|x86.Build.0 = Release|Win32
		{15E3A0EB-607C-4203-856C-6E761F070843}.Debug|x64.ActiveCfg = Debug|x64
		{15E3A0EB-607C-4203-856C-6E761F070843}.Debug|x64.Build.0 = Debug|x64
		{15E3A0EB-607C-4203-856C-6E761F070843}.Debug|x86.ActiveCfg = Debug|Win32
		{15E3A0EB-607C-4203-856C-6E761F070843}.Debug|x86.Build.0 = Debug|Win32
		{15E3A0EB-607C-4203-856C-6E761F070843}.Release|x64.ActiveCfg = Release|x64
		{15E3A0EB-607C-4203-856C-6E761F070843}.Release|x64.Build.0 = Release|x64
		{15E3A0EB-607C-4203-856C-6E761F070843}.Release|x86.ActiveCfg = Release|Win32
		{15E3A0EB-607C-4203-856C-6E761F070843}.Release|x86.Build.0 = Release|Win32
		{6ED1C618-F9FE-4520-A0F2-75BCC8411305}.Debug|x64.ActiveCfg = Debug|x64
		{6ED1C618-F9FE-4520-A0F2-75BCC8411305}.Debug|x64.Build.0 = Debug|x64
		{6ED1C618-F9FE-4520-A0F2-75BCC8411305}.Debug|x86.ActiveCfg = Debug|Win32
		{6ED1C618-F9FE-4520-A0F2-75BCC8411305}.Debug|x86.Build.0 = Debug|Win32
		{6ED1C618-F9FE-4520-A0F2-75BCC8411305}.Release|x64.ActiveCfg = Release|x64
		{6ED1C618-F9FE-4520-A0F2-75BCC8411305}.Release|x64.Build.0 = Release|x64
		{6ED1C618-F9FE-4520-A0F2-75BCC8411305}.Release|x86.ActiveCfg = Release|Win32
		{6ED1C618-F9FE-4520-A0F2-75BCC8411305}.Release|x86.Build.0 = Release|Win32
		{61576EDB-B160-4378-B466-44D023D11919}.Debug|x64.ActiveCfg = Debug|x64
		{61576EDB-B160-4378-B466-44D023D11919}.Debug|x64.Build.0 = Debug|x64
		{61576EDB-B160-4378-B466-44D023D11919}.Debug|x86.ActiveCfg = Debug|Win32
		{61576EDB-B160-4378-B466-44D023D11919}.Debug|x86.Build.0 = Debug|Win32
		{61576EDB-B160-4378-B466-44D023D11919}.Release|x64.ActiveCfg = Release|x64
		{61576EDB-B160-4378-B466-44D023D11919}.Release|x64.Build.0 = Release|x64
		{61576EDB-B160-4378-B466-44D023D11919}.Release|x86.ActiveCfg = Release|Win32
		{61576EDB-B160-4378-B466-44D023D11919}.Release|x86.Build.0 = Release|Win32
		{82EF1683-9E92-44E0-97D6-42BA118E4E32}.Debug|x64.ActiveCfg = Debug|x64
		{82EF1683-9E92-44E0-97D6-42BA118E4E32}.Debug|x64.Build.0 = Debug|x64
		{82EF1683-9E92-44E0-97D6-42BA118E4E32}.Debug|x86.ActiveCfg = Debug|Win32
		{82EF1683-9E92-44E0-97D6-42BA118E4E32}.Debug|x86.Build.0 = Debug|Win32
		{82EF1683-9E92-44E0-97D6-42BA118E4E32}.Release|x64.ActiveCfg = Release|x64
		{82EF1683-9E92-44E0-97D6-42BA118E4E32}.Release|x64.Build.0 = Release|x64
		{82EF1683-9E92-44E0-97D6-42BA118E4E32}.Release|x86.ActiveCfg = Release|Win32
		{82EF1683-9E92-44E0-97D6-42BA118E4E32}.Release|x86.Build.0 = Release|Win32
		{5889A1F4-5313-4FCC-92EE-24EC06101C4A}.Debug|x64.ActiveCfg = Debug|x64
		{5889A1F4-5313-4FCC-92EE-24EC06101C4A}.Debug|x64.Build.0 = Debug|x64
		{5889A1F4-5313-4FCC-92EE-24EC06101C4A}.Debug|x86.ActiveCfg = Debug|Win32
		{5889A1F4-5313-4FCC-92EE-24EC06101C4A}.Debug|x86.Build.0 = Debug|Win32
		{5889A1F4-5313-4FCC-92EE-24EC06101C4A}.Release|x64.ActiveCfg = Release|x64
		{5889A1F4-5313-4FCC-92EE-24EC06101C4A}.Release|x64.Build.0 = Release|x64
		{5889A1F4-5313-4FCC-92EE-24EC06101C4A}.Release|x86.ActiveCfg = Release|Win32
		{5889A1F4-5313-4FCC-92EE-24EC06101C4A}.Release|x86.Build.0 = Release|Win32
		{62BFC63E-45C6-4ACF-A1D6-7E6F21FBA9D6}.Debug|x64.ActiveCfg = Debug|x64
		{62BFC63E-45C6-4ACF-A1D6-7E6F21FBA9D6}.Debug|x64.Build.0 = Debug|x64
		{62BFC63E-45C6-4ACF-A1D6-7E6F21FBA9D6}.Debug|x86.ActiveCfg = Debug|Win32
		{62BFC63E-45C6-4ACF-A1D6-7E6F21FBA9D6}.Debug|x86.Build.0 = Debug|Win32
		{62BFC63E-45C6-4ACF-A1D6-7E6F21FBA9D6}.Release|x64.ActiveCfg = Release|x64
		{62BFC63E-45C6-4ACF-A1D6-7E6F21FBA9D6}.Release|x64.Build.0 = Release|x64
		{62BFC63E-45C6-4ACF-A1D6-7E6F21FBA9D6}.Release|x86.ActiveCfg = Release|Win32
		{62BFC63E-45C6-4ACF-A1D6-7E6F21FBA9D6}.Release|x86.Build.0 = Release|Win32
		{40249A7E-8305-4485-BC8E-0DC58840A3E9}.Debug|x64.ActiveCfg = Debug|x64
		{40249A7E-8305-4485-BC8E-0DC58840A3E9}.Debug|x64.Build.0 = Debug|x64
		{40249A7E-8305-4485-BC8E-0DC58840A3E9}.Debug|x86.ActiveCfg = Debug|Win32
		{40249A7E-8305-4485-BC8E-0DC58840A3E9}.Debug|x86.Build.0 = Debug|Win32
		{40249A7E-8305-4485-BC8E-0DC58840A3E9}.Release|x64.ActiveCfg = Release|x64
		{40249A7E-8305-4485-BC8E-0DC58840A3E9}.Release|x64.Build.0 = Release|x64
		{40249A7E-8305-4485-BC8E-0DC58840A3E9}.Release|x86.ActiveCfg = Release|Win32
		{40249A7E-8305-4485-BC8E-0DC58840A3E9}.Release|x86.Build.0 = Release|Win32
		{FE06BDAA-8A4F-4DA0-A4C8-FA7150369A31}.Debug|x64.ActiveCfg = Debug|x64
		{FE06BDAA-8A4F-4DA0-A4C8-FA7150369A31}.Debug|x64.Build.0 = Debug|x64
		{FE06BDAA-8A4F-4DA0-A4C8-FA7150369A31}.Debug|x86.ActiveCfg = Debug|Win32
		{FE06BDAA-8A4F-4DA0-A4C8-FA7150369A31}.Debug|x86.Build.0 = Debug|Win32
		{FE06BDAA-8A4F-4DA0-A4C8-FA7150369A31}.Release|x64.ActiveCfg = Release|x64
		{FE06BDAA-8A4F-4DA0-A4C8-FA7150369A31}.Release|x64.Build.0 = Release|x64
		{FE06BDAA-8A4F-4DA0-A4C8-FA7150369A31}.Release|x86.ActiveCfg = Release|Win32
		{FE06BDAA-8A4F-4DA0-A4C8-FA7150369A31}.Release|x86.Build.0 = Release|Win32
		{D76ACB12-F01A-4714-9CED-59EBBD7A78A5}.Debug|x64.ActiveCfg = Debug|x64
		{D76ACB12-F01A-4714-9CED-59EBBD7A78A5}.Debug|x64.Build.0 = Debug|x64
		{D76ACB12-F01A-4714-9CED-59EBBD7A78A5}.Debug|x86.ActiveCfg = Debug|Win32
		{D76ACB12-F01A-4714-9CED-59EBBD7A78A5}.Debug|x86.Build.0 = Debug|Win32
		{D76ACB12-F01A-4714-9CED-59EBBD7A78A5}.Release|x64.ActiveCfg = Release|x64
		{D76ACB12-F01A-4714-9CED-59EBBD7A78A5}.Release|x64.Build.0 = Release|x64
		{D76ACB12-F01A-4714-9CED-59EBBD7A78A5}.Release|x86.ActiveCfg = Release|Win32
		{D76ACB12-F01A-4714-9CED-59EBBD7A78A5}.Release|x86.Build.0 = Release|Win32
		{9864B4FF-C678-4A91-950C-F75F7720D5D8}.Debug|x64.ActiveCfg = Debug|x64
		{9864B4FF-C678-4A91-950C-F75F7720D5D8}.Debug|x64.Build.0 = Debug|x64
		{9864B4FF-C678-4A91-950C-F75F7720D5D8}.Debug|x86.ActiveCfg = Debug|Win32
		{9864B4FF-C678-4A91-950C-F75F7720D5D8}.Debug|x86.Build.0 = Debug|Win32
		{9864B4FF-C678-4A91-950C-F75F7720D5D8}.Release|x64.ActiveCfg = Release|x64
		{9864B4FF-C678-4A91-950C-F75F7720D5D8}.Release|x64.Build.0 = Release|x64
		{9864B4FF-C678-4A91-950C-F75F7720D5D8}.Release|x86.ActiveCfg = Release|Win32
		{9864B4FF-C678-4A91-950C-F75F7720D5D8}.Release|x86.Build.0 = Release|Win32
		{C195BD88-FC1B-422F-BBBF-85304325E3BD}.Debug|x64.ActiveCfg = Debug|x64
		{C195BD88-FC1B-422F-BBBF-85304325E3BD}.Debug|x64.Build.0 = Debug|x64
		{C195BD88-FC1B-422F-BBBF-85304325E3BD}.Debug|x86.ActiveCfg = Debug|Win32
		{C195BD88-FC1B-422F-BBBF-85304325E3BD}.Debug|x86.Build.0 = Debug|Win32
		{C195BD88-FC1B-422F-BBBF-85304325E3BD}.Release|x64.ActiveCfg = Release|x64
		{C195BD88-FC1B-422F-BBBF-85304325E3BD}.Release|x64.Build.0 = Release|x64
		{C195BD88-FC1B-422F-BBBF-85304325E3BD}.Release|x86.ActiveCfg = Release|Win32
		{C195BD88-FC1B-422F-BBBF-85304325E3BD}.Release|x86.Build.0 = Release|Win32
		{FEC298A0-376E-409F-A703-42EB9C2AC25C}.Debug|x64.ActiveCfg = Debug|x64
		{FEC298A0-376E-409F-A703-42EB9C2AC25C}.Debug|x64.Build.0 = Debug|x64
		{FEC298A0-376E-409F-A703-42EB9C2AC25C}.Debug|x86.ActiveCfg = Debug|Win32
		{FEC298A0-376E-409F-A703-42EB9C2AC25C}.Debug|x86.Build.0 = Debug|Win32
		{FEC298A0-376E-409F-A703-42EB9C2AC25C}.Release|x64.ActiveCfg = Release|x64
		{FEC298A0-376E-409F-A703-42EB9C2AC25C}.Release|x64.Build.0 = Release|x64
		{FEC298A0-376E-409F-A703-42EB9C2AC25C}.Release|x86.ActiveCfg = Release|Win32
		{FEC298A0-376E-409F-A703-42EB9C2AC25C}.Release|x86.Build.0 = Release|Win32
		{8C9606E2-3699-49F0-9F72-7E717779D8C1}.Debug|x64.ActiveCfg = Debug|x64
		{8C9606E2-3699-49F0-9F72-7E717779D8C1}.Debug|x64.Build.0 = Debug|x64
		{8C9606E2-3699-49F0-9F72-7E717779D8C1}.Debug|x86.ActiveCfg = Debug|Win32
		{8C9606E2-3699-49F0-9F72-7E717779D8C1}.Debug|x86.Build.0 = Debug|Win32
		{8C9606E2-3699-49F0-9F72-7E717779D8C1}.Release|x64.ActiveCfg = Release|x64
		{8C9606E2-3699-49F0-9F72-7E717779D8C1}.Release|x64.Build.0 = Release|x64
		{8C9606E2-3699-49F0-9F72-7E717779D8C1}.Release|x86.ActiveCfg = Release|Win32
		{8C9606E2-3699-49F0-9F72-7E717779D8C1}.Release|x86.Build.0 = Release|Win32
		{8A317146-6699-4220-82BE-80C1F8A95484}.Debug|x64.ActiveCfg = Debug|x64
		{8A317146-6699-4220-82BE-80C1F8A95484}.Debug|x64.Build.0 = Debug|x64
		{8A317146-6699-4220-82BE-80C1F8A95484}.Debug|x86.ActiveCfg = Debug|Win32
		{8A317146-6699-4220-82BE-80C1F8A95484}.Debug|x86.Build.0 = Debug|Win32
		{8A317146-6699-4220-82BE-80C1F8A95484}.Release|x64.ActiveCfg = Release|x64
		{8A317146-6699-4220-82BE-80C1F8A95484}.Release|x64.Build.0 = Release|x64
		{8A317146-6699-4220-82BE-80C1F8A95484}.Release|x86.ActiveCfg = Release|Win32
		{8A317146-6699-4220-82BE-80C1F8A95484}.Release|x86.Build.0 = Release|Win32
		{7F76A59C-49A7-4A9A-91C3-AEEF164CD0AB}.Debug|x64.ActiveCfg = Debug|x64
		{7F76A59C-49A7-4A9A-91C3-AEEF164CD0AB}.Debug|x64.Build.0 = Debug|x64
		{7F76A59C-49A7-4A9A-91C3-AEEF164CD0AB}.Debug|x86.ActiveCfg = Debug|Win32
		{7F76A59C-49A7-4A9A-91C3-AEEF164CD0AB}.Debug|x86.Build.0 = Debug|Win32
		{7F76A59C-49A7-4A9A-91C3-AEEF164CD0AB}.Release|x64.ActiveCfg = Release|x64
		{7F76A59C-49A7-4A9A-91C3-AEEF164CD0AB}.Release|x64.Build.0 = Release|x64
		{7F76A59C-49A7-4A9A-91C3-AEEF164CD0AB}.Release|x86.ActiveCfg = Release|Win32
		{7F76A59C-49A7-4A9A-91C3-AEEF164CD0AB}.Release|x86.Build.0 = Release|Win32
		{19573A95-FECD-4F97-804A-0117A4FC83DB}.Debug|x64.ActiveCfg = Debug|x64
		{19573A95-FECD-4F97-804A-0117A4FC83DB}.Debug|x64.Build.0 = Debug|x64
		{19573A95-FECD-4F97-804A-0117A4FC83DB}.Debug|x86.ActiveCfg = Debug|Win32
		{19573A95-FECD-4F97-804A-0117A4FC83DB}.Debug|x86.Build.0 = Debug|Win32
		{19573A95-FECD-4F97-804A-0117A4FC83DB}.Release|x64.ActiveCfg = Release|x64
		{19573A95-FECD-4F97-804A-0117A4FC83DB}.Release|x64.Build.0 = Release|x64
		{19573A95-FECD-4F97-804A-0117A4FC83DB}.Release|x86.ActiveCfg = Release|Win32
		{19573A95-FECD-4F97-804A-0117A4FC83DB}.Release|x86.Build.0 = Release|Win32
		{7359BA96-C3CA-4C1A-928B-E81A980DBA5D}.Debug|x64.ActiveCfg = Debug|x64
		{7359BA96-C3CA-4C1A-928B-E81A980DBA5D}.Debug|x64.Build.0 = Debug|x64
		{7359BA96-C3CA-4C1A-928B-E81A980DBA5D}.Debug|x86.ActiveCfg = Debug|Win32
		{7359BA96-C3CA-4C1A-928B-E81A980DBA5D}.Debug|x86.Build.0 = Debug|Win32
		{7359BA96-C3CA-4C1A-928B-E81A980DBA5D}.Release|x64.ActiveCfg = Release|x64
		{7359BA96-C3CA-4C1A-928B-E81A980DBA5D}.Release|x64.Build.0 = Release|x64
		{7359BA96-C3CA-4C1A-928B-E81A980DBA5D}.Release|x86.ActiveCfg = Release|Win32
		{7359BA96-C3CA-4C1A-928B-E81A980DBA5D}.Release|x86.Build.0 = Release|Win32
		{98970183-6FF0-47DA-914B-8390DA66C03C}.Debug|x64.ActiveCfg = Debug|x64
		{98970183-6FF0-47DA-914B-8390DA66C03C}.Debug|x64.Build.0 = Debug|x64
		{98970183-6FF0-47DA-914B-8390DA66C03C}.Debug|x86.ActiveCfg = Debug|Win32
		{98970183-6FF0-47DA-914B-8390DA66C03C}.Debug|x86.Build.0 = Debug|Win32
		{98970183-6FF0-47DA-914B-8390DA66C03C}.Release|x64.ActiveCfg = Release|x64
		{98970183-6FF0-47DA-914B-8390DA66C03C}.Release|x64.Build.0 = Release|x64
		{98970183-6FF0-47DA-914B-8390DA66C03C}.Release|x86.ActiveCfg = Release|Win32
		{98970183-6FF0-47DA-914B-8390DA66C03C}.Release|x86.Build.0 = Release|Win32
		{239407F6-7492-4F90-9333-DD34809CEA38}.Debug|x64.ActiveCfg = Debug|x64
		{239407F6-7492-4F90-9333-DD34809CEA38}.Debug|x64.Build.0 = Debug|x64
		{239407F6-7492-4F90-9333-DD34809CEA38}.Debug|x86.ActiveCfg = Debug|Win32
		{239407F6-7492-4F90-9333-DD34809CEA38}.Debug|x86.Build.0 = Debug|Win32
		{239407F6-7492-4F90-9333-DD34809CEA38}.Release|x64.ActiveCfg = Release|x64
		{239407F6-7492-4F90-9333-DD34809CEA38}.Release|x64.Build.0 = Release|x64
		{239407F6-7492-4F90-9333-DD34809CEA38}.Release|x86.ActiveCfg = Release|Win32
		{239407F6-7492-4F90-9333-DD34809CEA38}.Release|x86.Build.0 = Release|Win32
		{F67D3FFB-C689-49AF-AD57-16AF0627CF90}.Debug|x64.ActiveCfg = Debug|x64
		{F67D3FFB-C689-49AF-AD57-16AF0627CF90}.Debug|x64.Build.0 = Debug|x64
		{F67D3FFB-C689-49AF-AD57-16AF0627CF90}.Debug|x86.ActiveCfg = Debug|Win32
		{F67D3FFB-C689-49AF-AD57-16AF0627CF90}.Debug|x86.Build.0 = Debug|Win32
		{F67D3FFB-C689-49AF-AD57-16AF0627CF90}.Release|x64.ActiveCfg = Release|x64
		{F67D3FFB-C689-49AF-AD57-16AF0627CF90}.Release|x64.Build.0 = Release|x64
		{F67D3FFB-C689-49AF-AD57-16AF0627CF90}.Release|x86.ActiveCfg = Release|Win32
		{F67D3FFB-C689-49AF-AD57-16AF0627CF90}.Release|x86.Build.0 = Release|Win32
		{CD2E3C86-4D7B-4658-8955-B9043E8BD613}.Debug|x64.ActiveCfg = Debug|x64
		{CD2E3C86-4D7B-4658-8955-B9043E8BD613}.Debug|x64.Build.0 = Debug|x64
		{CD2E3C86-4D7B-4658-8955-B9043E8BD613}.Debug|x86.ActiveCfg = Debug|Win32
		{CD2E3C86-4D7B-4658-8955-B9043E8BD613}.Debug|x86.Build.0 = Debug|Win32
		{CD2E3C86-4D7B-4658-8955-B9043E8BD613}.Release|x64.ActiveCfg = Release|x64
		{CD2E3C86-4D7B-4658-8955-B9043E8BD613}.Release|x64.Build.0 = Release|x64
		{CD2E3C86-4D7B-4658-8955-B9043E8BD613}.Release|x86.ActiveCfg = Release|Win32
		{CD2E3C86-4D7B-4658-8955-B9043E8BD613}.Release|x86.Build.0 = Release|Win32
		{F5319D26-ABD8-4D79-AE39-2F5D5C72F278}.Debug|x64.ActiveCfg = Debug|x64
		{F5319D26-ABD8-4D79-AE39-2F5D5C72F278}.Debug|x64.Build.0 = Debug|x64
		{F5319D26-ABD8-4D79-AE39-2F5D5C72F278}.Debug|x86.ActiveCfg = Debug|Win32
		{F5319D26-ABD8-4D79-AE39-2F5D5C72F278}.Debug|x86.Build.0 = Debug|Win32
		{F5319D26-ABD8-4D79-AE39-2F5D5C72F278}.Release|x64.ActiveCfg = Release|x64
		{F5319D26-ABD8-4D79-AE39-2F5D5C72F278}.Release|x64.Build.0 = Release|x64
		{F5319D26-ABD8-4D79-AE39-2F5D5C72F278}.Release|x86.ActiveCfg = Release|Win32
		{F5319D26-ABD8-4D79-AE39-2F5D5C72F278}.Release|x86.Build.0 = Release|Win32
		{4A40B075-3C8A-4908-9797-91F7836B4CCB}.Debug|x64.ActiveCfg = Debug|x64
		{4A40B075-3C8A-4908-9797-91F7836B4CCB}.Debug|x64.Build.0 = Debug|x64
		{4A40B075-3C8A-4908-9797-91F7836B4CCB}.Debug|x86.ActiveCfg = Debug|Win32
		{4A40B075-3C8A-4908-9797-91F7836B4CCB}.Debug|x86.Build.0 = Debug|Win32
		{4A40B075-3C8A-4908-9797-91F7836B4CCB}.Release|x64.ActiveCfg = Release|x64
		{4A40B075-3C8A-4908-9797-91F7836B4CCB}.Release|x64.Build.0 = Release|x64
		{4A40B075-3C8A-4908-9797-91F7836B4CCB}.Release|x86.ActiveCfg = Release|Win32
		{4A40B075-3C8A-4908-9797-91F7836B4CCB}.Release|x86.Build.0 = Release|Win32
		{95ECBDA5-E85B-480B-9D2E-E02D5A39B4D2}.Debug|x64.ActiveCfg = Debug|x64
		{95ECBDA5-E85B-480B-9D2E-E02D5A39B4D2}.Debug|x64.Build.0 = Debug|x64
		{95ECBDA5-E85B-480B-9D2E-E02D5A39B4D2}.Debug|x86.ActiveCfg = Debug|Win32
		{95ECBDA5-E85B-480B-9D2E-E02D5A39B4D2}.Debug|x86.Build.0 = Debug|Win32
		{95ECBDA5-E85B-480B-9D2E-E02D5A39B4D2}.Release|x64.ActiveCfg = Release|x64
		{95ECBDA5-E85B-480B-9D2E-E02D5A39B4D2}.Release|x64.Build.0 = Release|x64
		{95ECBDA5-E85B-480B-9D2E-E02D5A39B4D2}.Release|x86.ActiveCfg = Release|Win32
		{95ECBDA5-E85B-480B-9D2E-E02D5A39B4D2}.Release|x86.Build.0 = Release|Win32
		{D8087D0C-FFE4-4F77-8586-10DA02CFF818}.Debug|x64.ActiveCfg = Debug|x64
		{D8087D0C-FFE4-4F77-8586-10DA02CFF818}.Debug|x64.Build.0 = Debug|x64
		{D8087D0C-FFE4-4F77-8586-10DA02CFF818}.Debug|x86.ActiveCfg = Debug|Win32
		{D8087D0C-FFE4-4F77-8586-10DA02CFF818}.Debug|x86.Build.0 = Debug|Win32
		{D8087D0C-FFE4-4F77-8586-10DA02CFF818}.Release|x64.ActiveCfg = Release|x64
		{D8087D0C-FFE4-4F77-8586-10DA02CFF818}.Release|x64.Build.0 = Release|x64
		{D8087D0C-FFE4-4F77-8586-10DA02CFF818}.Release|x86.ActiveCfg = Release|Win32
		{D8087D0C-FFE4-4F77-8586-10DA02CFF818}.Release|x86.Build.0 = Release|Win32
		{B7D18680-5310-4B29-8877-30D8BD441953}.Debug|x64.ActiveCfg = Debug|x64
		{B7D18680-5310-4B29-8877-30D8BD441953}.Debug|x64.Build.0 = Debug|x64
		{B7D18680-5310-4B29-8877-30D8BD441953}.Debug|x86.ActiveCfg = Debug|Win32
		{B7D18680-5310-4B29-8877-30D8BD441953}.Debug|x86.Build.0 = Debug|Win32
		{B7D18680-5310-4B29-8877-30D8BD441953}.Release|x64.ActiveCfg = Release|x64
		{B7D18680-5310-4B29-8877-30D8BD441953}.Release|x64.Build.0 = Release|x64
		{B7D18680-5310-4B29-8877-30D8BD441953}.Release|x86.ActiveCfg = Release|Win32
		{B7D18680-5310-4B29-8877-30D8BD441953}.Release|x86.Build.0 = Release|Win32
		{F8104B11-9313-4C67-9180-160A345B59BE}.Debug|x64.ActiveCfg = Debug|x64
		{F8104B11-9313-4C67-9180-160A345B59BE}.Debug|x64.Build.0 = Debug|x64
		{F8104B11-9313-4C67-9180-160A345B59BE}.Debug|x86.ActiveCfg = Debug|Win32
		{F8104B11-9313-4C67-9180-160A345B59BE}.Debug|x86.Build.0 = Debug|Win32
		{F8104B11-9313-4C67-9180-160A345B59BE}.Release|x64.ActiveCfg = Release|x64
		{F8104B11-9313-4C67-9180-160A345B59BE}.Release|x64.Build.0 = Release|x64
		{F8104B11-9313-4C67-9180-160A345B59BE}.Release|x86.ActiveCfg = Release|Win32
		{F8104B11-9313-4C67-9180-160A345B59BE}.Release|x86.Build.0 = Release|Win32
		{5FF51929-19CF-4E31-BED7-579140BF599B}.Debug|x64.ActiveCfg = Debug|x64
		{5FF51929-19CF-4E31-BED7-579140BF599B}.Debug|x64.Build.0 = Debug|x64
		{5FF51929-19CF-4E31-BED7-579140BF599B}.Debug|x86.ActiveCfg = Debug|Win32
		{5FF51929-19CF-4E31-BED7-579140BF599B}.Debug|x86.Build.0 = Debug|Win32
		{5FF51929-19CF-4E31-BED7-579140BF599B}.Release|x64.ActiveCfg = Release|x64
		{5FF51929-19CF-4E31-BED7-579140BF599B}.Release|x64.Build.0 = Release|x64
		{5FF51929-19CF-4E31-BED7-579140BF599B}.Release|x86.ActiveCfg = Release|Win32
		{5FF51929-19CF-4E31-BED7-579140BF599B}.Release|x86.Build.0 = Release|Win32
		{3D1A0E37-FA96-4A38-98EB-E865FC52A25B}.Debug|x64.ActiveCfg = Debug|x64
		{3D1A0E37-FA96-4A38-98EB-E865FC52A25B}.Debug|x64.Build.0 = Debug|x64
		{3D1A0E37-FA96-4A38-98EB-E865FC52A25B}.Debug|x86.ActiveCfg = Debug|Win32
		{3D1A0E37-FA96-4A38-98EB-E865FC52A25B}.Debug|x86.Build.0 = Debug|Win32
		{3D1A0E37-FA96-4A38-98EB-E865FC52A25B}.Release|x64.ActiveCfg = Release|x64
		{3D1A0E37-FA96-4A38-98EB-E865FC52A25B}.Release|x64.Build.0 = Release|x64
		{3D1A0E37-FA96-4A38-98EB-E865FC52A25B}.Release|x86.ActiveCfg = Release|Win32
		{3D1A0E37-FA96-4A38-98EB-E865FC52A25B}.Release|x86.Build.0 = Release|Win32
		{C93F5D05-C551-4432-8AD4-AB10A7859B26}.Debug|x64.ActiveCfg = Debug|x64
		{C93F5D05-C551-4432-8AD4-AB10A7859B26}.Debug|x64.Build.0 = Debug|x64
		{C93F5D05-C551-4432-8AD4-AB10A7859B26}.Debug|x86.ActiveCfg = Debug|Win32
		{C93F5D05-C551-4432-8AD4-AB10A7859B26}.Debug|x86.Build.0 = Debug|Win32
		{C93F5D05-C551-4432-8AD4-AB10A7859B26}.Release|x64.ActiveCfg = Release|x64
		{C93F5D05-C551-4432-8AD4-AB10A7859B26}.Release|x64.Build.0 = Release|x64
		{C93F5D05-C551-4432-8AD4-AB10A7859B26}.Release|x86.ActiveCfg = Release|Win32
		{C93F5D05-C551-4432-8AD4-AB10A7859B26}.Release|x86.Build.0 = Release|Win32
		{BB087523-F066-4969-80F2-B4BE5F6C1E96}.Debug|x64.ActiveCfg = Debug|x64
		{BB087523-F066-4969-80F2-B4BE5F6C1E96}.Debug|x64.Build.0 = Debug|x64
		{BB087523-F066-4969-80F2-B4BE5F6C1E96}.Debug|x86.ActiveCfg = Debug|Win32
		{BB087523-F066-4969-80F2-B4BE5F6C1E96}.Debug|x86.Build.0 = Debug|Win32
		{BB087523-F066-4969-80F2-B4BE5F6C1E96}.Release|x64.ActiveCfg = Release|x64
		{BB087523-F066-4969-80F2-B4BE5F6C1E96}.Release|x64.Build.0 = Release|x64
		{BB087523-F066-4969-80F2-B4BE5F6C1E96}.Release|x86.ActiveCfg = Release|Win32
		{BB087523-F066-4969-80F2-B4BE5F6C1E96}.Release|x86.Build.0 = Release|Win32
		{A6467CA9-83A7-474B-9946-340BDDE51A47}.Debug|x64.ActiveCfg = Debug|x64
		{A6467CA9-83A7-474B-9946-340BDDE51A47}.Debug|x64.Build.0 = Debug|x64
		{A6467CA9-83A7-474B-9946-340BDDE51A47}.Debug|x86.ActiveCfg = Debug|Win32
		{A6467CA9-83A7-474B-9946-340BDDE51A47}.Debug|x86.Build.0 = Debug|Win32
		{A6467CA9-83A7-474B-9946-340BDDE51A47}.Release|x64.ActiveCfg = Release|x64
		{A6467CA9-83A7-474B-9946-340BDDE51A47}.Release|x64.Build.0 = Release|x64
		{A6467CA9-83A7-474B-9946-340BDDE51A47}.Release|x86.ActiveCfg = Release|Win32
		{A6467CA9-83A7-474B-9946-340BDDE51A47}.Release|x86.Build.0 = Release|Win32
		{EE42BF09-C6D3-4E78-AFAB-9C61E97549DB}.Debug|x64.ActiveCfg = Debug|x64
		{EE42BF09-C6D3-4E78-AFAB-9C61E97549DB}.Debug|x64.Build.0 = Debug|x64
		{EE42BF09-C6D3-4E78-AFAB-9C61E97549DB}.Debug|x86.ActiveCfg = Debug|Win32
		{EE42BF09-C6D3-4E78-AFAB-9C61E97549DB}.Debug|x86.Build.0 = Debug|Win32
		{EE42BF09-C6D3-4E78-AFAB-9C61E97549DB}.Release|x64.ActiveCfg = Release|x64
		{EE42BF09-C6D3-4E78-AFAB-9C61E97549DB}.Release|x64.Build.0 = Release|x64
		{EE42BF09-C6D3-4E78-AFAB-9C61E97549DB}.Release|x86.ActiveCfg = Release|Win32
		{EE42BF09-C6D3-4E78-AFAB-9C61E97549DB}.Release|x86.Build.0 = Release|Win32
		{6F73A568-0208-41AA-A465-1DF847B3A8F4}.Debug|x64.ActiveCfg = Debug|x64
		{6F73A568-0208-41AA-A465-1DF847B3A8F4}.Debug|x64.Build.0 = Debug|x64
		{6F73A568-0208-41AA-A465-1DF847B3A8F4}.Debug|x86.ActiveCfg = Debug|Win32
		{6F73A568-0208-41AA-A465-1DF847B3A8F4}.Debug|x86.Build.0 = Debug|Win32
		{6F73A568-0208-41AA-A465-1DF847B3A8F4}.Release|x64.ActiveCfg = Release|x64
		{6F73A568-0208-41AA-A465-1DF847B3A8F4}.Release|x64.Build.0 = Release|x64
		{6F73A568-0208-41AA-A465-1DF847B3A8F4}.Release|x86.ActiveCfg = Release|Win32
		{6F73A568-0208-41AA-A465-1DF847B3A8F4}.Release|x86.Build.0 = Release|Win32
		{94D56344-4306-454F-A7A7-51C14D2BC2D0}.Debug|x64.ActiveCfg = Debug|x64
		{94D56344-4306-454F-A7A7-51C14D2BC2D0}.Debug|x64.Build.0 = Debug|x64
		{94D56344-4306-454F-A7A7-51C14D2BC2D0}.Debug|x86.ActiveCfg = Debug|Win32
		{94D56344-4306-454F-A7A7-51C14D2BC2D0}.Debug|x86.Build.0 = Debug|Win32
		{94D56344-4306-454F-A7A7-51C14D2BC2D0}.Release|x64.ActiveCfg = Release|x64
		{94D56344-4306-454F-A7A7-51C14D2BC2D0}.Release|x64.Build.0 = Release|x64
		{94D56344-4306-454F-A7A7-51C14D2BC2D0}.Release|x86.ActiveCfg = Release|Win32
		{94D56344-4306-454F-A7A7-51C14D2BC2D0}.Release|x86.Build.0 = Release|Win32
		{0FAEE5B7-1129-435F-9998-4E351482298F}.Debug|x64.ActiveCfg = Debug|x64
		{0FAEE5B7-1129-435F-9998-4E351482298F}.Debug|x64.Build.0 = Debug|x64
		{0FAEE5B7-1129-435F-9998-4E351482298F}.Debug|x86.ActiveCfg = Debug|Win32
		{0FAEE5B7-1129-435F-9998-4E351482298F}.Debug|x86.Build.0 = Debug|Win32
		{0FAEE5B7-1129-435F-9998-4E351482298F}.Release|x64.ActiveCfg = Release|x64
		{0FAEE5B7-1129-435F-9998-4E351482298F}.Release|x64.Build.0 = Release|x64
		{0FAEE5B7-1129-435F-9998-4E351482298F}.Release|x86.ActiveCfg = Release|Win32
		{0FAEE5B7-1129-435F-9998-4E351482298F}.Release|x86.Build.0 = Release|Win32
		{6E2F454C-368F-465E-BDBB-CF120BEBCEB3}.Debug|x64.ActiveCfg = Debug|x64
		{6E2F454C-368F-465E-BDBB-CF120BEBCEB3}.Debug|x64.Build.0 = Debug|x64
		{6E2F454C-368F-465E-BDBB-CF120BEBCEB3}.Debug|x86.ActiveCfg = Debug|Win32
		{6E2F454C-368F-465E-BDBB-CF120BEBCEB3}.Debug|x86.Build.0 = Debug|Win32
		{6E2F454C-368F-465E-BDBB-CF120BEBCEB3}.Release|x64.ActiveCfg = Release|x64
		{6E2F454C-368F-465E-BDBB-CF120BEBCEB3}.Release|x64.Build.0 = Release|x64
		{6E2F454C-368F-465E-BDBB-CF120BEBCEB3}.Release|x86.ActiveCfg = Release|Win32
		{6E2F454C-368F-465E-BDBB-CF120BEBCEB3}.Release|x86.Build.0 = Release|Win32
		{CC3174BE-5292-4888-A3F0-66703F37A378}.Debug|x64.ActiveCfg = Debug|x64
		{CC3174BE-5292-4888-A3F0-66703F37A378}.Debug|x64.Build.0 = Debug|x64
		{CC3174BE-5292-4888-A3F0-66703F37A378}.Debug|x86.ActiveCfg = Debug|Win32
		{CC3174BE-5292-4888-A3F0-66703F37A378}.Debug|x86.Build.0 = Debug|Win32
		{CC3174BE-5292-4888-A3F0-66703F37A378}.Release|x64.ActiveCfg = Release|x64
		{CC3174BE-5292-4888-A3F0-66703F37A378}.Release|x64.Build.0 = Release|x64
		{CC3174BE-5292-4888-A3F0-66703F37A378}.Release|x86.ActiveCfg = Release|Win32
		{CC3174BE-5292-4888-A3F0-66703F37A378}.Release|x86.Build.0 = Release|Win32
		{8764AEA8-9BCE-476F-8570-C340E4D87389}.Debug|x64.ActiveCfg = Debug|x64
		{8764AEA8-9BCE-476F-8570-C340E4D87389}.Debug|x64.Build.0 = Debug|x64
		{8764AEA8-9BCE-476F-8570-C340E4D87389}.Debug|x86.ActiveCfg = Debug|Win32
		{8764AEA8-9BCE-476F-8570-C340E4D87389}.Debug|x86.Build.0 = Debug|Win32
		{8764AEA8-9BCE-476F-8570-C340E4D87389}.Release|x64.ActiveCfg = Release|x64
		{8764AEA8-9BCE-476F-8570-C340E4D87389}.Release|x64.Build.0 = Release|x64
		{8764AEA8-9BCE-476F-8570-C340E4D87389}.Release|x86.ActiveCfg = Release|Win32
		{8764AEA8-9BCE-476F-8570-C340E4D87389}.Release|x86.Build.0 = Release|Win32
		{9002ACAD-B515-435F-A78A-21CF814E5F59}.Debug|x64.ActiveCfg = Debug|x64
		{9002ACAD-B515-435F-A78A-21CF814E5F59}.Debug|x64.Build.0 = Debug|x64
		{9002ACAD-B515-435F-A78A-21CF814E5F59}.Debug|x86.ActiveCfg = Debug|Win32
		{9002ACAD-B515-435F-A78A-21CF814E5F59}.Debug|x86.Build.0 = Debug|Win32
		{9002ACAD-B515-435F-A78A-21CF814E5F59}.Release|x64.ActiveCfg = Release|x64
		{9002ACAD-B515-435F-A78A-21CF814E5F59}.Release|x64.Build.0 = Release|x64
		{9002ACAD-B515-435F-A78A-21CF814E5F59}.Release|x86.ActiveCfg = Release|Win32
		{9002ACAD-B515-435F-A78A-21CF814E5F59}.Release|x86.Build.0 = Release|Win32
		{1AAF6A91-BBC1-42D7-98B7-119CDEA8E766}.Debug|x64.ActiveCfg = Debug|x64
		{1AAF6A91-BBC1-42D7-98B7-119CDEA8E766}.Debug|x64.Build.0 = Debug|x64
		{1AAF6A91-BBC1-42D7-98B7-119CDEA8E766}.Debug|x86.ActiveCfg = Debug|Win32
		{1AAF6A91-BBC1-42D7-98B7-119CDEA8E766}.Debug|x86.Build.0 = Debug|Win32
		{1AAF6A91-BBC1-42D7-98B7-119CDEA8E766}.Release|x64.ActiveCfg = Release|x64
		{1AAF6A91-BBC1-42D7-98B7-119CDEA8E766}.Release|x64.Build.0 = Release|x64
		{1AAF6A91-BBC1-42D7-98B7-119CDEA8E766}.Release|x86.ActiveCfg = Release|Win32
		{1AAF6A91-BBC1-42D7-98B7-119CDEA8E766}.Release|x86.Build.0 = Release|Win32
		{650ABA70-AAA0-4D05-91DF-17AFABAC5D9A}.Debug|x64.ActiveCfg = Debug|x64
		{650ABA70-AAA0-4D05-91DF-17AFABAC5D9A}.Debug|x64.Build.0 = Debug|x64
		{650ABA70-AAA0-4D05-91DF-17AFABAC5D9A}.Debug|x86.ActiveCfg = Debug|Win32
		{650ABA70-AAA0-4D05-91DF-17AFABAC5D9A}.Debug|x86.Build.0 = Debug|Win32
		{650ABA70-AAA0-4D05-91DF-17AFABAC5D9A}.Release|x64.ActiveCfg = Release|x64
		{650ABA70-AAA0-4D05-91DF-17AFABAC5D9A}.Release|x64.Build.0 = Release|x64
		{650ABA70-AAA0-4D05-91DF-17AFABAC5D9A}.Release|x86.ActiveCfg = Release|Win32
		{650ABA70-AAA0-4D05-91DF-17AFABAC5D9A}.Release|x86.Build.0 = Release|Win32
		{0F5ADF65-1BAD-49E3-9DAA-B896AF1CB952}.Debug|x64.ActiveCfg = Debug|x64
		{0F5ADF65-1BAD-49E3-9DAA-B896AF1CB952}.Debug|x64.Build.0 = Debug|x64
		{0F5ADF65-1BAD-49E3-9DAA-B896AF1CB952}.Debug|x86.ActiveCfg = Debug|Win32
		{0F5ADF65-1BAD-49E3-9DAA-B896AF1CB952}.Debug|x86.Build.0 = Debug|Win32
		{0F5ADF65-1BAD-49E3-9DAA-B896AF1CB952}.Release|x64.ActiveCfg = Release|x64
		{0F5ADF65-1BAD-49E3-9DAA-B896AF1CB952}.Release|x64.Build.0 = Release|x64
		{0F5ADF65-1BAD-49E3-9DAA-B896AF1CB952}.Release|x86.ActiveCfg = Release|Win32
		{0F5ADF65-1BAD-49E3-9DAA-B896AF1CB952}.Release|x86.Build.0 = Release|Win32
		{A48FD4E3-00E2-49B9-9D8C-197CA9ECC9DA}.Debug|x64.ActiveCfg = Debug|x64
		{A48FD4E3-00E2-49B9-9D8C-197CA9ECC9DA}.Debug|x64.Build.0 = Debug|x64
		{A48FD4E3-00E2-49B9-9D8C-197CA9ECC9DA}.Debug|x86.ActiveCfg = Debug|Win32
		{A48FD4E3-00E2-49B9-9D8C-197CA9ECC9DA}.Debug|x86.Build.0 = Debug|Win32
		{A48FD4E3-00E2-49B9-9D8C-197CA9ECC9DA}.Release|x64.ActiveCfg = Release|x64
		{A48FD4E3-00E2-49B9-9D8C-197CA9ECC9DA}.Release|x64.Build.0 = Release|x64
		{A48FD4E3-00E2-49B9-9D8C-197CA9ECC9DA}.Release|x86.ActiveCfg = Release|Win32
		{A48FD4E3-00E2-49B9-9D8C-197CA9ECC9DA}.Release|x86.Build.0 = Release|Win32
		{7615592A-A746-452E-885D-E3D9A7B18656}.Debug|x64.ActiveCfg = Debug|x64
		{7615592A-A746-452E-885D-E3D9A7B18656}.Debug|x64.Build.0 = Debug|x64
		{7615592A-A746-452E-885D-E3D9A7B18656}.Debug|x86.ActiveCfg = Debug|Win32
		{7615592A-A746-452E-885D-E3D9A7B18656}.Debug|x86.Build.0 = Debug|Win32
		{7615592A-A746-452E-885D-E3D9A7B18656}.Release|x64.ActiveCfg = Release|x64
		{7615592A-A746-452E-885D-E3D9A7B18656}.Release|x64.Build.0 = Release|x64
		{7615592A-A746-452E-885D-E3D9A7B18656}.Release|x86.ActiveCfg = Release|Win32
		{7615592A-A746-452E-885D-E3D9A7B18656}.Release|x86.Build.0 = Release|Win32
		{8ED3B21F-B548-47F5-BC71-FAA479A3B8D8}.Debug|x64.ActiveCfg = Debug|x64
		{8ED3B21F-B548-47F5-BC71-FAA479A3B8D8}.Debug|x64.Build.0 = Debug|x64
		{8ED3B21F-B548-47F5-BC71-FAA479A3B8D8}.Debug|x86.ActiveCfg = Debug|Win32
		{8ED3B21F-B548-47F5-BC71-FAA479A3B8D8}.Debug|x86.Build.0 = Debug|Win32
		{8ED3B21F-B548-47F5-BC71-FAA479A3B8D8}.Release|x64.ActiveCfg = Release|x64
		{8ED3B21F-B548-47F5-BC71-FAA479A3B8D8}.Release|x64.Build.0 = Release|x64
		{8ED3B21F-B548-47F5-BC71-FAA479A3B8D8}.Release|x86.ActiveCfg = Release|Win32
		{8ED3B21F-B548-47F5-BC71-FAA479A3B8D8}.Release|x86.Build.0 = Release|Win32
		{6F9D9DA7-F0F9-4EBC-83A2-7515A96C9BF2}.Debug|x64.ActiveCfg = Debug|x64
		{6F9D9DA7-F0F9-4EBC-83A2-7515A96C9BF2}.Debug|x64.Build.0 = Debug|x64
		{6F9D9DA7-F0F9-4EBC-83A2-7515A96C9BF2}.Debug|x86.ActiveCfg = Debug|Win32
		{6F9D9DA7-F0F9-4EBC-83A2-7515A96C9BF2}.Debug|x86.Build.0 = Debug|Win32
		{6F9D9DA7-F0F9-4EBC-83A2-7515A96C9BF2}.Release|x64.ActiveCfg = Release|x64
		{6F9D9DA7-F0F9-4EBC-83A2-7515A96C9BF2}.Release|x64.Build.0 = Release|x64
		{6F9D9DA7-F0F9-4EBC-83A2-7515A96C9BF2}.Release|x86.ActiveCfg = Release|Win32
		{6F9D9DA7-F0F9-4EBC-83A2-7515A96C9BF2}.Release|x86.Build.0 = Release|Win32
		{F2981599-3352-499E-B725-F2D4E03E83E9}.Debug|x64.ActiveCfg = Debug|x64
		{F2981599-3352-499E-B725-F2D4E03E83E9}.Debug|x64.Build.0 = Debug|x64
		{F2981599-3352-499E-B725-F2D4E03E83E9}.Debug|x86.ActiveCfg = Debug|Win32
		{F2981599-3352-499E-B725-F2D4E03E83E9}.Debug|x86.Build.0 = Debug|Win32
		{F2981599-3352-499E-B725-F2D4E03E83E9}.Release|x64.ActiveCfg = Release|x64
		{F2981599-3352-499E-B725-F2D4E03E83E9}.Release|x64.Build.0 = Release|x64
		{F2981599-3352-499E-B725-F2D4E03E83E9}.Release|x86.ActiveCfg = Release|Win32
		{F2981599-3352-499E-B725-F2D4E03E83E9}.Release|x86.Build.0 = Release|Win32
		{67BDB8F8-D195-43CA-98D0-D6F1ED2513AF}.Debug|x64.ActiveCfg = Debug|x64
		{67BDB8F8-D195-43CA-98D0-D6F1ED2513AF}.Debug|x64.Build.0 = Debug|x64
		{67BDB8F8-D195-43CA-98D0-D6F1ED2513AF}.Debug|x86.ActiveCfg = Debug|Win32
		{67BDB8F8-D195-43CA-98D0-D6F1ED2513AF}.Debug|x86.Build.0 = Debug|Win32
		{67BDB8F8-D195-43CA-98D0-D6F1ED2513AF}.Release|x64.ActiveCfg = Release|x64
		{67BDB8F8-D195-43CA-98D0-D6F1ED2513AF}.Release|x64.Build.0 = Release|x64
		{67BDB8F8-D195-43CA-98D0-D6F1ED2513AF}.Release|x86.ActiveCfg = Release|Win32
		{67BDB8F8-D195-43CA-98D0-D6F1ED2513AF}.Release|x86.Build.0 = Release|Win32
		{3A2FBCD3-32CB-4975-939C-608258486938}.Debug|x64.ActiveCfg = Debug|x64
		{3A2FBCD3-32CB-4975-939C-608258486938}.Debug|x64.Build.0 = Debug|x64
		{3A2FBCD3-32CB-4975-939C-608258486938}.Debug|x86.ActiveCfg = Debug|Win32
		{3A2FBCD3-32CB-4975-939C-608258486938}.Debug|x86.Build.0 = Debug|Win32
		{3A2FBCD3-32CB-4975-939C-608258486938}.Release|x64.ActiveCfg = Release|x64
		{3A2FBCD3-32CB-4975-939C-608258486938}.Release|x64.Build.0 = Release|x64
		{3A2FBCD3-32CB-4975-939C-608258486938}.Release|x86.ActiveCfg = Release|Win32
		{3A2FBCD3-32CB-4975-939C-608258486938}.Release|x86.Build.0 = Release|Win32
		{0CEF2B3E-6A69-4619-822C-92F51E4E2166}.Debug|x64.ActiveCfg = Debug|x64
		{0CEF2B3E-6A69-4619-822C-92F51E4E2166}.Debug|x64.Build.0 = Debug|x64
		{0CEF2B3E-6A69-4619-822C-92F51E4E2166}.Debug|x86.ActiveCfg = Debug|Win32
		{0CEF2B3E-6A69-4619-822C-92F51E4E2166}.Debug|x86.Build.0 = Debug|Win32
		{0CEF2B3E-6A69-4619-822C-92F51E4E2166}.Release|x64.ActiveCfg = Release|x64
		{0CEF2B3E-6A69-4619-822C-92F51E4E2166}.Release|x64.Build.0 = Release|x64
		{0CEF2B3E-6A69-4619-822C-92F51E4E2166}.Release|x86.ActiveCfg = Release|Win32
		{0CEF2B3E-6A69-4619-822C-92F51E4E2166}.Release|x86.Build.0 = Release|Win32
		{37056BAB-C4A2-45AA-9012-7AF42B89ABB4}.Debug|x64.ActiveCfg = Debug|x64
		{37056BAB-C4A2-45AA-9012-7AF42B89ABB4}.Debug|x64.Build.0 = Debug|x64
		{37056BAB-C4A2-45AA-9012-7AF42B89ABB4}.Debug|x86.ActiveCfg = Debug|Win32
		{37056BAB-C4A2-45AA-9012-7AF42B89ABB4}.Debug|x86.Build.0 = Debug|Win32
		{37056BAB-C4A2-45AA-9012-7AF42B89ABB4}.Release|x64.ActiveCfg = Release|x64
		{37056BAB-C4A2-45AA-9012-7AF42B89ABB4}.Release|x64.Build.0 = Release|x64
		{37056BAB-C4A2-45AA-9012-7AF42B89ABB4}.Release|x86.ActiveCfg = Release|Win32
		{37056BAB-C4A2-45AA-9012-7AF42B89ABB4}.Release|x86.Build.0 = Release|Win32
		{698D52C9-7E57-4B21-96E4-6DFD8DA09251}.Debug|x64.ActiveCfg = Debug|x64
		{698D52C9-7E57-4B21-96E4-6DFD8DA09251}.Debug|x64.Build.0 = Debug|x64
		{698D52C9-7E57-4B21-96E4-6DFD8DA09251}.Debug|x86.ActiveCfg = Debug|Win32
		{698D52C9-7E57-4B21-96E4-6DFD8DA09251}.Debug|x86.Build.0 = Debug|Win32
		{698D52C9-7E57-4B21-96E4-6DFD8DA09251}.Release|x64.ActiveCfg = Release|x64
		{698D52C9-7E57-4B21-96E4-6DFD8DA09251}.Release|x64.Build.0 = Release|x64
		{698D52C9-7E57-4B21-96E4-6DFD8DA09251}.Release|x86.ActiveCfg = Release|Win32
		{698D52C9-7E57-4B21-96E4-6DFD8DA09251}.Release|x86.Build.0 = Release|Win32
		{3AD338E1-DA03-40BE-850D-D5592AF677E6}.Debug|x64.ActiveCfg = Debug|x64
		{3AD338E1-DA03-40BE-850D-D5592AF677E6}.Debug|x64.Build.0 = Debug|x64
		{3AD338E1-DA03-40BE-850D-D5592AF677E6}.Debug|x86.ActiveCfg = Debug|Win32
		{3AD338E1-DA03-40BE-850D-D5592AF677E6}.Debug|x86.Build.0 = Debug|Win32
		{3AD338E1-DA03-40BE-850D-D5592AF677E6}.Release|x64.ActiveCfg = Release|x64
		{3AD338E1-DA03-40BE-850D-D5592AF677E6}.Release|x64.Build.0 = Release|x64
		{3AD338E1-DA03-40BE-850D-D5592AF677E6}.Release|x86.ActiveCfg = Release|Win32
		{3AD338E1-DA03-40BE-850D-D5592AF677E6}.Release|x86.Build.0 = Release|Win32
		{E4721059-530A-4548-ADBA-C1443C38F7C8}.Debug|x64.ActiveCfg = Debug|x64
		{E4721059-530A-4548-ADBA-C1443C38F7C8}.Debug|x64.Build.0 = Debug|x64
		{E4721059-530A-4548-ADBA-C1443C38F7C8}.Debug|x86.ActiveCfg = Debug|Win32
		{E4721059-530A-4548-ADBA-C1443C38F7C8}.Debug|x86.Build.0 = Debug|Win32
		{E4721059-530A-4548-ADBA-C1443C38F7C8}.Release|x64.ActiveCfg = Release|x64
		{E4721059-530A-4548-ADBA-C1443C38F7C8}.Release|x64.Build.0 = Release|x64
		{E4721059-530A-4548-ADBA-C1443C38F7C8}.Release|x86.ActiveCfg = Release|Win32
		{E4721059-530A-4548-ADBA-C1443C38F7C8}.Release|x86.Build.0 = Release|Win32
		{8D78E351-0A39-481E-93A7-BD190F09BA17}.Debug|x64.ActiveCfg = Debug|x64
		{8D78E351-0A39-481E-93A7-BD190F09BA17}.Debug|x64.Build.0 = Debug|x64
		{8D78E351-0A39-481E-93A7-BD190F09BA17}.Debug|x86.ActiveCfg = Debug|Win32
		{8D78E351-0A39-481E-93A7-BD190F09BA17}.Debug|x86.Build.0 = Debug|Win32
		{8D78E351-0A39-481E-93A7-BD190F09BA17}.Release|x64.ActiveCfg = Release|x64
		{8D78E351-0A39-481E-93A7-BD190F09BA17}.Release|x64.Build.0 = Release|x64
		{8D78E351-0A39-481E-93A7-BD190F09BA17}.Release|x86.ActiveCfg = Release|Win32
		{8D78E351-0A39-481E-93A7-BD190F09BA17}.Release|x86.Build.0 = Release|Win32
		{256E492D-FFD7-4CB2-8A42-4DDEE7E39B46}.Debug|x64.ActiveCfg = Debug|x64
		{256E492D-FFD7-4CB2-8A42-4DDEE7E39B46}.Debug|x64.Build.0 = Debug|x64
		{256E492D-FFD7-4CB2-8A42-4DDEE7E39B46}.Debug|x86.ActiveCfg = Debug|Win32
		{256E492D-FFD7-4CB2-8A42-4DDEE7E39B46}.Debug|x86.Build.0 = Debug|Win32
		{256E492D-FFD7-4CB2-8A42-4DDEE7E39B46}.Release|x64.ActiveCfg = Release|x64
		{256E492D-FFD7-4CB2-8A42-4DDEE7E39B46}.Release|x64.Build.0 = Release|x64
		{256E492D-FFD7-4CB2-8A42-4DDEE7E39B46}.Release|x86.ActiveCfg = Release|Win32
		{256E492D-FFD7-4CB2-8A42-4DDEE7E39B46}.Release|x86.Build.0 = Release|Win32
		{B841E9B2-8140-422F-A442-036B894F4C15}.Debug|x64.ActiveCfg = Debug|x64
		{B841E9B2-8140-422F-A442-036B894F4C15}.Debug|x64.Build.0 = Debug|x64
		{B841E9B2-8140-422F-A442-036B894F4C15}.Debug|x86.ActiveCfg = Debug|Win32
		{B841E9B2-8140-422F-A442-036B894F4C15}.Debug|x86.Build.0 = Debug|Win32
		{B841E9B2-8140-422F-A442-036B894F4C15}.Release|x64.ActiveCfg = Release|x64
		{B841E9B2-8140-422F-A442-036B894F4C15}.Release|x64.Build.0 = Release|x64
		{B841E9B2-8140-422F-A442-036B894F4C15}.Release|x86.ActiveCfg = Release|Win32
		{B841E9B2-8140-422F-A442-036B894F4C15}.Release|x86.Build.0 = Release|Win32
		{9D7A538B-0752-407D-B195-FF49468D5136}.Debug|x64.ActiveCfg = Debug|x64
		{9D7A538B-0752-407D-B195-FF49468D5136}.Debug|x64.Build.0 = Debug|x64
		{9D7A538B-0752-407D-B195-FF49468D5136}.Debug|x86.ActiveCfg = Debug|Win32
		{9D7A538B-0752-407D-B195-FF49468D5136}.Debug|x86.Build.0 = Debug|Win32
		{9D7A538B-0752-407D-B195-FF49468D5136}.Release|x64.ActiveCfg = Release|x64
		{9D7A538B-0752-407D-B195-FF49468D5136}.Release|x64.Build.0 = Release|x64
		{9D7A538B-0752-407D-B195-FF49468D5136}.Release|x86.ActiveCfg = Release|Win32
		{9D7A538B-0752-407D-B195-FF49468D5136}.Release|x86.Build.0 = Release|Win32
		{ADDB8C67-528D-4974-A487-FD4C96FFF520}.Debug|x64.ActiveCfg = Debug|x64
		{ADDB8C67-528D-4974-A487-FD4C96FFF520}.Debug|x64.Build.0 = Debug|x64
		{ADDB8C67-528D-4974-A487-FD4C96FFF520}.Debug|x86.ActiveCfg = Debug|Win32
		{ADDB8C67-528D-4974-A487-FD4C96FFF520}.Debug|x86.Build.0 = Debug|Win32
		{ADDB8C67-528D-4974-A487-FD4C96FFF520}.Release|x64.ActiveCfg = Release|x64
		{ADDB8C67-528D-4974-A487-FD4C96FFF520}.Release|x64.Build.0 = Release|x64
		{ADDB8C67-528D-4974-A487-FD4C96FFF520}.Release|x86.ActiveCfg = Release|Win32
		{ADDB8C67-528D-4974-A487-FD4C96FFF520}.Release|x86.Build.0 = Release|Win32
		{917DBDBB-6523-4267-8DAF-CC90E666DFC3}.Debug|x64.ActiveCfg = Debug|x64
		{917DBDBB-6523-4267-8DAF-CC90E666DFC3}.Debug|x64.Build.0 = Debug|x64
		{917DBDBB-6523-4267-8DAF-CC90E666DFC3}.Debug|x86.ActiveCfg = Debug|Win32
		{917DBDBB-6523-4267-8DAF-CC90E666DFC3}.Debug|x86.Build.0 = Debug|Win32
		{917DBDBB-6523-4267-8DAF-CC90E666DFC3}.Release|x64.ActiveCfg = Release|x64
		{917DBDBB-6523-4267-8DAF-CC90E666DFC3}.Release|x64.Build.0 = Release|x64
		{917DBDBB-6523-4267-8DAF-CC90E666DFC3}.Release|x86.ActiveCfg = Release|Win32
		{917DBDBB-6523-4267-8DAF-CC90E666DFC3}.Release|x86.Build.0 = Release|Win32
		{41FD178D-FB7E-48DC-B199-A2B746605850}.Debug|x64.ActiveCfg = Debug|x64
		{41FD178D-FB7E-48DC-B199-A2B746605850}.Debug|x64.Build.0 = Debug|x64
		{41FD178D-FB7E-48DC-B199-A2B746605850}.Debug|x86.ActiveCfg = Debug|Win32
		{41FD178D-FB7E-48DC-B199-A2B746605850}.Debug|x86.Build.0 = Debug|Win32
		{41FD178D-FB7E-48DC-B199-A2B746605850}.Release|x64.ActiveCfg = Release|x64
		{41FD178D-FB7E-48DC-B199-A2B746605850}.Release|x64.Build.0 = Release|x64
		{41FD178D-FB7E-48DC-B199-A2B746605850}.Release|x86.ActiveCfg = Release|Win32
		{41FD178D-FB7E-48DC-B199-A2B746605850}.Release|x86.Build.0 = Release|Win32
		{98E592A6-AF75-47B4-99DD-59D3772F1633}.Debug|x64.ActiveCfg = Debug|x64
		{98E592A6-AF75-47B4-99DD-59D3772F1633}.Debug|x64.Build.0 = Debug|x64
		{98E592A6-AF75-47B4-99DD-59D3772F1633}.Debug|x86.ActiveCfg = Debug|Win32
		{98E592A6-AF75-47B4-99DD-59D3772F1633}.Debug|x86.Build.0 = Debug|Win32
		{98E592A6-AF75-47B4-99DD-59D3772F1633}.Release|x64.ActiveCfg = Release|x64
		{98E592A6-AF75-47B4-99DD-59D3772F1633}.Release|x64.Build.0 = Release|x64
		{98E592A6-AF75-47B4-99DD-59D3772F1633}.Release|x86.ActiveCfg = Release|Win32
		{98E592A6-AF75-47B4-99DD-59D3772F1633}.Release|x86.Build.0 = Release|Win32
	EndGlobalSection
	GlobalSection(SolutionProperties) = preSolution
		HideSolutionNode = FALSE
	EndGlobalSection
	GlobalSection(NestedProjects) = preSolution
		{AB2EEF38-68E2-4FFB-A27B-ED6406881703} = {05680194-1B4E-440F-8B29-A57183595AC8}
		{8C318CDF-970B-4F45-8E02-D2D1492AA7FC} = {05680194-1B4E-440F-8B29-A57183595AC8}
		{CAFF6F43-6478-4E95-8C88-83D7690AA6B2} = {05680194-1B4E-440F-8B29-A57183595AC8}
		{0AAEDDBE-9EF1-480F-B445-E999AA9B4AF7} = {05680194-1B4E-440F-8B29-A57183595AC8}
		{A5AC2C21-51C9-42D5-839D-55783E128246} = {05680194-1B4E-440F-8B29-A57183595AC8}
		{6ED1C618-F9FE-4520-A0F2-75BCC8411305} = {05680194-1B4E-440F-8B29-A57183595AC8}
		{61576EDB-B160-4378-B466-44D023D11919} = {05680194-1B4E-440F-8B29-A57183595AC8}
		{82EF1683-9E92-44E0-97D6-42BA118E4E32} = {05680194-1B4E-440F-8B29-A57183595AC8}
		{5889A1F4-5313-4FCC-92EE-24EC06101C4A} = {05680194-1B4E-440F-8B29-A57183595AC8}
		{62BFC63E-45C6-4ACF-A1D6-7E6F21FBA9D6} = {05680194-1B4E-440F-8B29-A57183595AC8}
		{40249A7E-8305-4485-BC8E-0DC58840A3E9} = {05680194-1B4E-440F-8B29-A57183595AC8}
		{FE06BDAA-8A4F-4DA0-A4C8-FA7150369A31} = {05680194-1B4E-440F-8B29-A57183595AC8}
		{D76ACB12-F01A-4714-9CED-59EBBD7A78A5} = {05680194-1B4E-440F-8B29-A57183595AC8}
		{9864B4FF-C678-4A91-950C-F75F7720D5D8} = {05680194-1B4E-440F-8B29-A57183595AC8}
		{C195BD88-FC1B-422F-BBBF-85304325E3BD} = {05680194-1B4E-440F-8B29-A57183595AC8}
		{FEC298A0-376E-409F-A703-42EB9C2AC25C} = {05680194-1B4E-440F-8B29-A57183595AC8}
		{8C9606E2-3699-49F0-9F72-7E717779D8C1} = {05680194-1B4E-440F-8B29-A57183595AC8}
		{8A317146-6699-4220-82BE-80C1F8A95484} = {05680194-1B4E-440F-8B29-A57183595AC8}
		{7F76A59C-49A7-4A9A-91C3-AEEF164CD0AB} = {05680194-1B4E-440F-8B29-A57183595AC8}
		{19573A95-FECD-4F97-804A-0117A4FC83DB} = {05680194-1B4E-440F-8B29-A57183595AC8}
		{7359BA96-C3CA-4C1A-928B-E81A980DBA5D} = {05680194-1B4E-440F-8B29-A57183595AC8}
		{98970183-6FF0-47DA-914B-8390DA66C03C} = {05680194-1B4E-440F-8B29-A57183595AC8}
		{239407F6-7492-4F90-9333-DD34809CEA38} = {05680194-1B4E-440F-8B29-A57183595AC8}
		{F67D3FFB-C689-49AF-AD57-16AF0627CF90} = {05680194-1B4E-440F-8B29-A57183595AC8}
		{CD2E3C86-4D7B-4658-8955-B9043E8BD613} = {05680194-1B4E-440F-8B29-A57183595AC8}
		{F5319D26-ABD8-4D79-AE39-2F5D5C72F278} = {05680194-1B4E-440F-8B29-A57183595AC8}
		{4A40B075-3C8A-4908-9797-91F7836B4CCB} = {05680194-1B4E-440F-8B29-A57183595AC8}
		{95ECBDA5-E85B-480B-9D2E-E02D5A39B4D2} = {05680194-1B4E-440F-8B29-A57183595AC8}
		{D8087D0C-FFE4-4F77-8586-10DA02CFF818} = {05680194-1B4E-440F-8B29-A57183595AC8}
		{B7D18680-5310-4B29-8877-30D8BD441953} = {05680194-1B4E-440F-8B29-A57183595AC8}
		{F8104B11-9313-4C67-9180-160A345B59BE} = {05680194-1B4E-440F-8B29-A57183595AC8}
		{5FF51929-19CF-4E31-BED7-579140BF599B} = {05680194-1B4E-440F-8B29-A57183595AC8}
		{3D1A0E37-FA96-4A38-98EB-E865FC52A25B} = {05680194-1B4E-440F-8B29-A57183595AC8}
		{C93F5D05-C551-4432-8AD4-AB10A7859B26} = {05680194-1B4E-440F-8B29-A57183595AC8}
		{BB087523-F066-4969-80F2-B4BE5F6C1E96} = {05680194-1B4E-440F-8B29-A57183595AC8}
		{A6467CA9-83A7-474B-9946-340BDDE51A47} = {05680194-1B4E-440F-8B29-A57183595AC8}
		{EE42BF09-C6D3-4E78-AFAB-9C61E97549DB} = {05680194-1B4E-440F-8B29-A57183595AC8}
		{6F73A568-0208-41AA-A465-1DF847B3A8F4} = {05680194-1B4E-440F-8B29-A57183595AC8}
		{94D56344-4306-454F-A7A7-51C14D2BC2D0} = {05680194-1B4E-440F-8B29-A57183595AC8}
		{0FAEE5B7-1129-435F-9998-4E351482298F} = {05680194-1B4E-440F-8B29-A57183595AC8}
		{6E2F454C-368F-465E-BDBB-CF120BEBCEB3} = {05680194-1B4E-440F-8B29-A57183595AC8}
		{CC3174BE-5292-4888-A3F0-66703F37A378} = {05680194-1B4E-440F-8B29-A57183595AC8}
		{8764AEA8-9BCE-476F-8570-C340E4D87389} = {05680194-1B4E-440F-8B29-A57183595AC8}
		{9002ACAD-B515-435F-A78A-21CF814E5F59} = {05680194-1B4E-440F-8B29-A57183595AC8}
		{1AAF6A91-BBC1-42D7-98B7-119CDEA8E766} = {05680194-1B4E-440F-8B29-A57183595AC8}
		{650ABA70-AAA0-4D05-91DF-17AFABAC5D9A} = {BA8F1CB4-A34D-4AA0-8AAC-1B507A24E6A7}
		{0F5ADF65-1BAD-49E3-9DAA-B896AF1CB952} = {BA8F1CB4-A34D-4AA0-8AAC-1B507A24E6A7}
		{A48FD4E3-00E2-49B9-9D8C-197CA9ECC9DA} = {BA8F1CB4-A34D-4AA0-8AAC-1B507A24E6A7}
		{7615592A-A746-452E-885D-E3D9A7B18656} = {BA8F1CB4-A34D-4AA0-8AAC-1B507A24E6A7}
		{8ED3B21F-B548-47F5-BC71-FAA479A3B8D8} = {05680194-1B4E-440F-8B29-A57183595AC8}
		{6F9D9DA7-F0F9-4EBC-83A2-7515A96C9BF2} = {05680194-1B4E-440F-8B29-A57183595AC8}
		{F2981599-3352-499E-B725-F2D4E03E83E9} = {05680194-1B4E-440F-8B29-A57183595AC8}
		{67BDB8F8-D195-43CA-98D0-D6F1ED2513AF} = {BA8F1CB4-A34D-4AA0-8AAC-1B507A24E6A7}
		{3A2FBCD3-32CB-4975-939C-608258486938} = {05680194-1B4E-440F-8B29-A57183595AC8}
		{0CEF2B3E-6A69-4619-822C-92F51E4E2166} = {05680194-1B4E-440F-8B29-A57183595AC8}
		{37056BAB-C4A2-45AA-9012-7AF42B89ABB4} = {05680194-1B4E-440F-8B29-A57183595AC8}
		{698D52C9-7E57-4B21-96E4-6DFD8DA09251} = {05680194-1B4E-440F-8B29-A57183595AC8}
		{3AD338E1-DA03-40BE-850D-D5592AF677E6} = {05680194-1B4E-440F-8B29-A57183595AC8}
		{E4721059-530A-4548-ADBA-C1443C38F7C8} = {05680194-1B4E-440F-8B29-A57183595AC8}
		{8D78E351-0A39-481E-93A7-BD190F09BA17} = {05680194-1B4E-440F-8B29-A57183595AC8}
		{256E492D-FFD7-4CB2-8A42-4DDEE7E39B46} = {05680194-1B4E-440F-8B29-A57183595AC8}
		{B841E9B2-8140-422F-A442-036B894F4C15} = {05680194-1B4E-440F-8B29-A57183595AC8}
		{9D7A538B-0752-407D-B195-FF49468D5136} = {05680194-1B4E-440F-8B29-A57183595AC8}
		{ADDB8C67-528D-4974-A487-FD4C96FFF520} = {05680194-1B4E-440F-8B29-A57183595AC8}
		{917DBDBB-6523-4267-8DAF-CC90E666DFC3} = {05680194-1B4E-440F-8B29-A57183595AC8}
		{41FD178D-FB7E-48DC-B199-A2B746605850} = {6A33E4EE-55E2-4079-B231-098FE0E22E14}
		{98E592A6-AF75-47B4-99DD-59D3772F1633} = {6A33E4EE-55E2-4079-B231-098FE0E22E14}
	EndGlobalSection
	GlobalSection(ExtensibilityGlobals) = postSolution
		SolutionGuid = {E15666E6-272F-4189-B2D8-95AAF2729217}
	EndGlobalSection
EndGlobal
